// !$*UTF8*$!
{
	archiveVersion = 1;
	classes = {
	};
	objectVersion = 46;
	objects = {

/* Begin PBXBuildFile section */
		40FB80B01D8CAA82003D2B01 /* AppDelegate.swift in Sources */ = {isa = PBXBuildFile; fileRef = 40FB80AF1D8CAA82003D2B01 /* AppDelegate.swift */; };
		40FB80B21D8CAA82003D2B01 /* ViewController.swift in Sources */ = {isa = PBXBuildFile; fileRef = 40FB80B11D8CAA82003D2B01 /* ViewController.swift */; };
		40FB80B51D8CAA82003D2B01 /* Main.storyboard in Resources */ = {isa = PBXBuildFile; fileRef = 40FB80B31D8CAA82003D2B01 /* Main.storyboard */; };
		40FB80B81D8CAA82003D2B01 /* Pokemon_Quiz.xcdatamodeld in Sources */ = {isa = PBXBuildFile; fileRef = 40FB80B61D8CAA82003D2B01 /* Pokemon_Quiz.xcdatamodeld */; };
		40FB80BA1D8CAA82003D2B01 /* Assets.xcassets in Resources */ = {isa = PBXBuildFile; fileRef = 40FB80B91D8CAA82003D2B01 /* Assets.xcassets */; };
		40FB80BD1D8CAA82003D2B01 /* LaunchScreen.storyboard in Resources */ = {isa = PBXBuildFile; fileRef = 40FB80BB1D8CAA82003D2B01 /* LaunchScreen.storyboard */; };
		40FB80C81D8CAA83003D2B01 /* Pokemon_QuizTests.swift in Sources */ = {isa = PBXBuildFile; fileRef = 40FB80C71D8CAA83003D2B01 /* Pokemon_QuizTests.swift */; };
		40FB80D31D8CAA83003D2B01 /* Pokemon_QuizUITests.swift in Sources */ = {isa = PBXBuildFile; fileRef = 40FB80D21D8CAA83003D2B01 /* Pokemon_QuizUITests.swift */; };
		40FB80E11D8CC00A003D2B01 /* quizzoController.swift in Sources */ = {isa = PBXBuildFile; fileRef = 40FB80E01D8CC00A003D2B01 /* quizzoController.swift */; };
		40FB817E1D8CC2D6003D2B01 /* abra.png in Resources */ = {isa = PBXBuildFile; fileRef = 40FB80E51D8CC2D5003D2B01 /* abra.png */; };
		40FB817F1D8CC2D6003D2B01 /* aerodactyl.png in Resources */ = {isa = PBXBuildFile; fileRef = 40FB80E61D8CC2D5003D2B01 /* aerodactyl.png */; };
		40FB81801D8CC2D6003D2B01 /* alakazam.png in Resources */ = {isa = PBXBuildFile; fileRef = 40FB80E71D8CC2D5003D2B01 /* alakazam.png */; };
		40FB81811D8CC2D6003D2B01 /* arbok.png in Resources */ = {isa = PBXBuildFile; fileRef = 40FB80E81D8CC2D5003D2B01 /* arbok.png */; };
		40FB81821D8CC2D6003D2B01 /* arcanine.png in Resources */ = {isa = PBXBuildFile; fileRef = 40FB80E91D8CC2D5003D2B01 /* arcanine.png */; };
		40FB81831D8CC2D6003D2B01 /* articuno.png in Resources */ = {isa = PBXBuildFile; fileRef = 40FB80EA1D8CC2D5003D2B01 /* articuno.png */; };
		40FB81841D8CC2D6003D2B01 /* beedrill.png in Resources */ = {isa = PBXBuildFile; fileRef = 40FB80EB1D8CC2D5003D2B01 /* beedrill.png */; };
		40FB81851D8CC2D6003D2B01 /* bellsprout.png in Resources */ = {isa = PBXBuildFile; fileRef = 40FB80EC1D8CC2D5003D2B01 /* bellsprout.png */; };
		40FB81861D8CC2D6003D2B01 /* blastoise.png in Resources */ = {isa = PBXBuildFile; fileRef = 40FB80ED1D8CC2D5003D2B01 /* blastoise.png */; };
		40FB81871D8CC2D6003D2B01 /* bulbasaur.png in Resources */ = {isa = PBXBuildFile; fileRef = 40FB80EE1D8CC2D5003D2B01 /* bulbasaur.png */; };
		40FB81881D8CC2D6003D2B01 /* butterfree.png in Resources */ = {isa = PBXBuildFile; fileRef = 40FB80EF1D8CC2D5003D2B01 /* butterfree.png */; };
		40FB81891D8CC2D6003D2B01 /* caterpie.png in Resources */ = {isa = PBXBuildFile; fileRef = 40FB80F01D8CC2D5003D2B01 /* caterpie.png */; };
		40FB818A1D8CC2D6003D2B01 /* chansey.png in Resources */ = {isa = PBXBuildFile; fileRef = 40FB80F11D8CC2D5003D2B01 /* chansey.png */; };
		40FB818B1D8CC2D6003D2B01 /* charizard.png in Resources */ = {isa = PBXBuildFile; fileRef = 40FB80F21D8CC2D5003D2B01 /* charizard.png */; };
		40FB818C1D8CC2D6003D2B01 /* charmander.png in Resources */ = {isa = PBXBuildFile; fileRef = 40FB80F31D8CC2D5003D2B01 /* charmander.png */; };
		40FB818D1D8CC2D6003D2B01 /* charmeleon.png in Resources */ = {isa = PBXBuildFile; fileRef = 40FB80F41D8CC2D5003D2B01 /* charmeleon.png */; };
		40FB818E1D8CC2D6003D2B01 /* clefable.png in Resources */ = {isa = PBXBuildFile; fileRef = 40FB80F51D8CC2D5003D2B01 /* clefable.png */; };
		40FB818F1D8CC2D6003D2B01 /* clefairy.png in Resources */ = {isa = PBXBuildFile; fileRef = 40FB80F61D8CC2D5003D2B01 /* clefairy.png */; };
		40FB81901D8CC2D6003D2B01 /* cloyster.png in Resources */ = {isa = PBXBuildFile; fileRef = 40FB80F71D8CC2D5003D2B01 /* cloyster.png */; };
		40FB81911D8CC2D6003D2B01 /* cubone.png in Resources */ = {isa = PBXBuildFile; fileRef = 40FB80F81D8CC2D5003D2B01 /* cubone.png */; };
		40FB81921D8CC2D6003D2B01 /* dewgong.png in Resources */ = {isa = PBXBuildFile; fileRef = 40FB80F91D8CC2D5003D2B01 /* dewgong.png */; };
		40FB81931D8CC2D6003D2B01 /* diglett.png in Resources */ = {isa = PBXBuildFile; fileRef = 40FB80FA1D8CC2D5003D2B01 /* diglett.png */; };
		40FB81941D8CC2D6003D2B01 /* ditto.png in Resources */ = {isa = PBXBuildFile; fileRef = 40FB80FB1D8CC2D5003D2B01 /* ditto.png */; };
		40FB81951D8CC2D6003D2B01 /* dodrio.png in Resources */ = {isa = PBXBuildFile; fileRef = 40FB80FC1D8CC2D5003D2B01 /* dodrio.png */; };
		40FB81961D8CC2D6003D2B01 /* doduo.png in Resources */ = {isa = PBXBuildFile; fileRef = 40FB80FD1D8CC2D5003D2B01 /* doduo.png */; };
		40FB81971D8CC2D6003D2B01 /* dragonair.png in Resources */ = {isa = PBXBuildFile; fileRef = 40FB80FE1D8CC2D5003D2B01 /* dragonair.png */; };
		40FB81981D8CC2D6003D2B01 /* dragonite.png in Resources */ = {isa = PBXBuildFile; fileRef = 40FB80FF1D8CC2D5003D2B01 /* dragonite.png */; };
		40FB81991D8CC2D6003D2B01 /* dratini.png in Resources */ = {isa = PBXBuildFile; fileRef = 40FB81001D8CC2D5003D2B01 /* dratini.png */; };
		40FB819A1D8CC2D6003D2B01 /* drowzee.png in Resources */ = {isa = PBXBuildFile; fileRef = 40FB81011D8CC2D5003D2B01 /* drowzee.png */; };
		40FB819B1D8CC2D6003D2B01 /* dugtrio.png in Resources */ = {isa = PBXBuildFile; fileRef = 40FB81021D8CC2D5003D2B01 /* dugtrio.png */; };
		40FB819C1D8CC2D6003D2B01 /* eevee.png in Resources */ = {isa = PBXBuildFile; fileRef = 40FB81031D8CC2D5003D2B01 /* eevee.png */; };
		40FB819D1D8CC2D6003D2B01 /* ekans.png in Resources */ = {isa = PBXBuildFile; fileRef = 40FB81041D8CC2D5003D2B01 /* ekans.png */; };
		40FB819E1D8CC2D6003D2B01 /* electabuzz.png in Resources */ = {isa = PBXBuildFile; fileRef = 40FB81051D8CC2D5003D2B01 /* electabuzz.png */; };
		40FB819F1D8CC2D6003D2B01 /* electrode.png in Resources */ = {isa = PBXBuildFile; fileRef = 40FB81061D8CC2D5003D2B01 /* electrode.png */; };
		40FB81A01D8CC2D6003D2B01 /* exeggcute.png in Resources */ = {isa = PBXBuildFile; fileRef = 40FB81071D8CC2D5003D2B01 /* exeggcute.png */; };
		40FB81A11D8CC2D6003D2B01 /* exeggutor.png in Resources */ = {isa = PBXBuildFile; fileRef = 40FB81081D8CC2D5003D2B01 /* exeggutor.png */; };
		40FB81A21D8CC2D6003D2B01 /* farfetchd.png in Resources */ = {isa = PBXBuildFile; fileRef = 40FB81091D8CC2D5003D2B01 /* farfetchd.png */; };
		40FB81A31D8CC2D6003D2B01 /* fearow.png in Resources */ = {isa = PBXBuildFile; fileRef = 40FB810A1D8CC2D5003D2B01 /* fearow.png */; };
		40FB81A41D8CC2D6003D2B01 /* flareon.png in Resources */ = {isa = PBXBuildFile; fileRef = 40FB810B1D8CC2D5003D2B01 /* flareon.png */; };
		40FB81A51D8CC2D6003D2B01 /* gastly.png in Resources */ = {isa = PBXBuildFile; fileRef = 40FB810C1D8CC2D5003D2B01 /* gastly.png */; };
		40FB81A61D8CC2D6003D2B01 /* gengar.png in Resources */ = {isa = PBXBuildFile; fileRef = 40FB810D1D8CC2D5003D2B01 /* gengar.png */; };
		40FB81A71D8CC2D6003D2B01 /* geodude.png in Resources */ = {isa = PBXBuildFile; fileRef = 40FB810E1D8CC2D5003D2B01 /* geodude.png */; };
		40FB81A81D8CC2D6003D2B01 /* gloom.png in Resources */ = {isa = PBXBuildFile; fileRef = 40FB810F1D8CC2D5003D2B01 /* gloom.png */; };
		40FB81A91D8CC2D6003D2B01 /* golbat.png in Resources */ = {isa = PBXBuildFile; fileRef = 40FB81101D8CC2D5003D2B01 /* golbat.png */; };
		40FB81AA1D8CC2D6003D2B01 /* goldeen.png in Resources */ = {isa = PBXBuildFile; fileRef = 40FB81111D8CC2D5003D2B01 /* goldeen.png */; };
		40FB81AB1D8CC2D6003D2B01 /* golduck.png in Resources */ = {isa = PBXBuildFile; fileRef = 40FB81121D8CC2D5003D2B01 /* golduck.png */; };
		40FB81AC1D8CC2D6003D2B01 /* golem.png in Resources */ = {isa = PBXBuildFile; fileRef = 40FB81131D8CC2D5003D2B01 /* golem.png */; };
		40FB81AD1D8CC2D6003D2B01 /* graveler.png in Resources */ = {isa = PBXBuildFile; fileRef = 40FB81141D8CC2D5003D2B01 /* graveler.png */; };
		40FB81AE1D8CC2D6003D2B01 /* grimer.png in Resources */ = {isa = PBXBuildFile; fileRef = 40FB81151D8CC2D5003D2B01 /* grimer.png */; };
		40FB81AF1D8CC2D6003D2B01 /* growlithe.png in Resources */ = {isa = PBXBuildFile; fileRef = 40FB81161D8CC2D5003D2B01 /* growlithe.png */; };
		40FB81B01D8CC2D6003D2B01 /* gyarados.png in Resources */ = {isa = PBXBuildFile; fileRef = 40FB81171D8CC2D5003D2B01 /* gyarados.png */; };
		40FB81B11D8CC2D6003D2B01 /* haunter.png in Resources */ = {isa = PBXBuildFile; fileRef = 40FB81181D8CC2D5003D2B01 /* haunter.png */; };
		40FB81B21D8CC2D6003D2B01 /* hitmonchan.png in Resources */ = {isa = PBXBuildFile; fileRef = 40FB81191D8CC2D5003D2B01 /* hitmonchan.png */; };
		40FB81B31D8CC2D6003D2B01 /* hitmonlee.png in Resources */ = {isa = PBXBuildFile; fileRef = 40FB811A1D8CC2D5003D2B01 /* hitmonlee.png */; };
		40FB81B41D8CC2D6003D2B01 /* horsea.png in Resources */ = {isa = PBXBuildFile; fileRef = 40FB811B1D8CC2D5003D2B01 /* horsea.png */; };
		40FB81B51D8CC2D6003D2B01 /* hypno.png in Resources */ = {isa = PBXBuildFile; fileRef = 40FB811C1D8CC2D5003D2B01 /* hypno.png */; };
		40FB81B61D8CC2D6003D2B01 /* ivysaur.png in Resources */ = {isa = PBXBuildFile; fileRef = 40FB811D1D8CC2D5003D2B01 /* ivysaur.png */; };
		40FB81B71D8CC2D6003D2B01 /* jigglypuff.png in Resources */ = {isa = PBXBuildFile; fileRef = 40FB811E1D8CC2D5003D2B01 /* jigglypuff.png */; };
		40FB81B81D8CC2D6003D2B01 /* jolteon.png in Resources */ = {isa = PBXBuildFile; fileRef = 40FB811F1D8CC2D5003D2B01 /* jolteon.png */; };
		40FB81B91D8CC2D6003D2B01 /* jynx.png in Resources */ = {isa = PBXBuildFile; fileRef = 40FB81201D8CC2D5003D2B01 /* jynx.png */; };
		40FB81BA1D8CC2D6003D2B01 /* kabuto.png in Resources */ = {isa = PBXBuildFile; fileRef = 40FB81211D8CC2D5003D2B01 /* kabuto.png */; };
		40FB81BB1D8CC2D6003D2B01 /* kabutops.png in Resources */ = {isa = PBXBuildFile; fileRef = 40FB81221D8CC2D5003D2B01 /* kabutops.png */; };
		40FB81BC1D8CC2D6003D2B01 /* kadabra.png in Resources */ = {isa = PBXBuildFile; fileRef = 40FB81231D8CC2D5003D2B01 /* kadabra.png */; };
		40FB81BD1D8CC2D6003D2B01 /* kakuna.png in Resources */ = {isa = PBXBuildFile; fileRef = 40FB81241D8CC2D5003D2B01 /* kakuna.png */; };
		40FB81BE1D8CC2D6003D2B01 /* kangaskhan.png in Resources */ = {isa = PBXBuildFile; fileRef = 40FB81251D8CC2D5003D2B01 /* kangaskhan.png */; };
		40FB81BF1D8CC2D6003D2B01 /* kingler.png in Resources */ = {isa = PBXBuildFile; fileRef = 40FB81261D8CC2D5003D2B01 /* kingler.png */; };
		40FB81C01D8CC2D6003D2B01 /* koffing.png in Resources */ = {isa = PBXBuildFile; fileRef = 40FB81271D8CC2D5003D2B01 /* koffing.png */; };
		40FB81C11D8CC2D6003D2B01 /* krabby.png in Resources */ = {isa = PBXBuildFile; fileRef = 40FB81281D8CC2D5003D2B01 /* krabby.png */; };
		40FB81C21D8CC2D6003D2B01 /* lapras.png in Resources */ = {isa = PBXBuildFile; fileRef = 40FB81291D8CC2D5003D2B01 /* lapras.png */; };
		40FB81C31D8CC2D6003D2B01 /* lickitung.png in Resources */ = {isa = PBXBuildFile; fileRef = 40FB812A1D8CC2D5003D2B01 /* lickitung.png */; };
		40FB81C41D8CC2D6003D2B01 /* machamp.png in Resources */ = {isa = PBXBuildFile; fileRef = 40FB812B1D8CC2D5003D2B01 /* machamp.png */; };
		40FB81C51D8CC2D6003D2B01 /* machoke.png in Resources */ = {isa = PBXBuildFile; fileRef = 40FB812C1D8CC2D5003D2B01 /* machoke.png */; };
		40FB81C61D8CC2D6003D2B01 /* machop.png in Resources */ = {isa = PBXBuildFile; fileRef = 40FB812D1D8CC2D5003D2B01 /* machop.png */; };
		40FB81C71D8CC2D6003D2B01 /* magikarp.png in Resources */ = {isa = PBXBuildFile; fileRef = 40FB812E1D8CC2D5003D2B01 /* magikarp.png */; };
		40FB81C81D8CC2D6003D2B01 /* magmar.png in Resources */ = {isa = PBXBuildFile; fileRef = 40FB812F1D8CC2D5003D2B01 /* magmar.png */; };
		40FB81C91D8CC2D6003D2B01 /* magnemite.png in Resources */ = {isa = PBXBuildFile; fileRef = 40FB81301D8CC2D5003D2B01 /* magnemite.png */; };
		40FB81CA1D8CC2D6003D2B01 /* magneton.png in Resources */ = {isa = PBXBuildFile; fileRef = 40FB81311D8CC2D5003D2B01 /* magneton.png */; };
		40FB81CB1D8CC2D6003D2B01 /* mankey.png in Resources */ = {isa = PBXBuildFile; fileRef = 40FB81321D8CC2D5003D2B01 /* mankey.png */; };
		40FB81CC1D8CC2D6003D2B01 /* marowak.png in Resources */ = {isa = PBXBuildFile; fileRef = 40FB81331D8CC2D5003D2B01 /* marowak.png */; };
		40FB81CD1D8CC2D6003D2B01 /* meowth.png in Resources */ = {isa = PBXBuildFile; fileRef = 40FB81341D8CC2D5003D2B01 /* meowth.png */; };
		40FB81CE1D8CC2D6003D2B01 /* metapod.png in Resources */ = {isa = PBXBuildFile; fileRef = 40FB81351D8CC2D5003D2B01 /* metapod.png */; };
		40FB81CF1D8CC2D6003D2B01 /* mew.png in Resources */ = {isa = PBXBuildFile; fileRef = 40FB81361D8CC2D5003D2B01 /* mew.png */; };
		40FB81D01D8CC2D6003D2B01 /* mewtwo.png in Resources */ = {isa = PBXBuildFile; fileRef = 40FB81371D8CC2D5003D2B01 /* mewtwo.png */; };
		40FB81D11D8CC2D6003D2B01 /* moltres.png in Resources */ = {isa = PBXBuildFile; fileRef = 40FB81381D8CC2D5003D2B01 /* moltres.png */; };
		40FB81D21D8CC2D6003D2B01 /* mr mime.png in Resources */ = {isa = PBXBuildFile; fileRef = 40FB81391D8CC2D5003D2B01 /* mr mime.png */; };
		40FB81D31D8CC2D6003D2B01 /* mr. mime.png in Resources */ = {isa = PBXBuildFile; fileRef = 40FB813A1D8CC2D5003D2B01 /* mr. mime.png */; };
		40FB81D41D8CC2D6003D2B01 /* mrmime.png in Resources */ = {isa = PBXBuildFile; fileRef = 40FB813B1D8CC2D5003D2B01 /* mrmime.png */; };
		40FB81D51D8CC2D6003D2B01 /* muk.png in Resources */ = {isa = PBXBuildFile; fileRef = 40FB813C1D8CC2D5003D2B01 /* muk.png */; };
		40FB81D61D8CC2D6003D2B01 /* nidoking.png in Resources */ = {isa = PBXBuildFile; fileRef = 40FB813D1D8CC2D5003D2B01 /* nidoking.png */; };
		40FB81D71D8CC2D6003D2B01 /* nidoqueen.png in Resources */ = {isa = PBXBuildFile; fileRef = 40FB813E1D8CC2D5003D2B01 /* nidoqueen.png */; };
		40FB81D81D8CC2D6003D2B01 /* nidoranf.png in Resources */ = {isa = PBXBuildFile; fileRef = 40FB813F1D8CC2D5003D2B01 /* nidoranf.png */; };
		40FB81D91D8CC2D6003D2B01 /* nidoranm.png in Resources */ = {isa = PBXBuildFile; fileRef = 40FB81401D8CC2D5003D2B01 /* nidoranm.png */; };
		40FB81DA1D8CC2D6003D2B01 /* nidorina.png in Resources */ = {isa = PBXBuildFile; fileRef = 40FB81411D8CC2D5003D2B01 /* nidorina.png */; };
		40FB81DB1D8CC2D6003D2B01 /* nidorino.png in Resources */ = {isa = PBXBuildFile; fileRef = 40FB81421D8CC2D5003D2B01 /* nidorino.png */; };
		40FB81DC1D8CC2D6003D2B01 /* ninetales.png in Resources */ = {isa = PBXBuildFile; fileRef = 40FB81431D8CC2D5003D2B01 /* ninetales.png */; };
		40FB81DD1D8CC2D6003D2B01 /* oddish.png in Resources */ = {isa = PBXBuildFile; fileRef = 40FB81441D8CC2D5003D2B01 /* oddish.png */; };
		40FB81DE1D8CC2D6003D2B01 /* omanyte.png in Resources */ = {isa = PBXBuildFile; fileRef = 40FB81451D8CC2D5003D2B01 /* omanyte.png */; };
		40FB81DF1D8CC2D6003D2B01 /* omastar.png in Resources */ = {isa = PBXBuildFile; fileRef = 40FB81461D8CC2D5003D2B01 /* omastar.png */; };
		40FB81E01D8CC2D6003D2B01 /* onix.png in Resources */ = {isa = PBXBuildFile; fileRef = 40FB81471D8CC2D5003D2B01 /* onix.png */; };
		40FB81E11D8CC2D6003D2B01 /* paras.png in Resources */ = {isa = PBXBuildFile; fileRef = 40FB81481D8CC2D5003D2B01 /* paras.png */; };
		40FB81E21D8CC2D6003D2B01 /* parasect.png in Resources */ = {isa = PBXBuildFile; fileRef = 40FB81491D8CC2D5003D2B01 /* parasect.png */; };
		40FB81E31D8CC2D6003D2B01 /* persian.png in Resources */ = {isa = PBXBuildFile; fileRef = 40FB814A1D8CC2D5003D2B01 /* persian.png */; };
		40FB81E41D8CC2D6003D2B01 /* pidgeot.png in Resources */ = {isa = PBXBuildFile; fileRef = 40FB814B1D8CC2D5003D2B01 /* pidgeot.png */; };
		40FB81E51D8CC2D6003D2B01 /* pidgeotto.png in Resources */ = {isa = PBXBuildFile; fileRef = 40FB814C1D8CC2D6003D2B01 /* pidgeotto.png */; };
		40FB81E61D8CC2D6003D2B01 /* pidgey.png in Resources */ = {isa = PBXBuildFile; fileRef = 40FB814D1D8CC2D6003D2B01 /* pidgey.png */; };
		40FB81E71D8CC2D6003D2B01 /* pikachu.png in Resources */ = {isa = PBXBuildFile; fileRef = 40FB814E1D8CC2D6003D2B01 /* pikachu.png */; };
		40FB81E81D8CC2D6003D2B01 /* pinsir.png in Resources */ = {isa = PBXBuildFile; fileRef = 40FB814F1D8CC2D6003D2B01 /* pinsir.png */; };
		40FB81E91D8CC2D6003D2B01 /* poliwag.png in Resources */ = {isa = PBXBuildFile; fileRef = 40FB81501D8CC2D6003D2B01 /* poliwag.png */; };
		40FB81EA1D8CC2D6003D2B01 /* poliwhirl.png in Resources */ = {isa = PBXBuildFile; fileRef = 40FB81511D8CC2D6003D2B01 /* poliwhirl.png */; };
		40FB81EB1D8CC2D6003D2B01 /* poliwrath.png in Resources */ = {isa = PBXBuildFile; fileRef = 40FB81521D8CC2D6003D2B01 /* poliwrath.png */; };
		40FB81EC1D8CC2D6003D2B01 /* ponyta.png in Resources */ = {isa = PBXBuildFile; fileRef = 40FB81531D8CC2D6003D2B01 /* ponyta.png */; };
		40FB81ED1D8CC2D6003D2B01 /* porygon.png in Resources */ = {isa = PBXBuildFile; fileRef = 40FB81541D8CC2D6003D2B01 /* porygon.png */; };
		40FB81EE1D8CC2D6003D2B01 /* primeape.png in Resources */ = {isa = PBXBuildFile; fileRef = 40FB81551D8CC2D6003D2B01 /* primeape.png */; };
		40FB81EF1D8CC2D6003D2B01 /* psyduck.png in Resources */ = {isa = PBXBuildFile; fileRef = 40FB81561D8CC2D6003D2B01 /* psyduck.png */; };
		40FB81F01D8CC2D6003D2B01 /* raichu.png in Resources */ = {isa = PBXBuildFile; fileRef = 40FB81571D8CC2D6003D2B01 /* raichu.png */; };
		40FB81F11D8CC2D6003D2B01 /* rapidash.png in Resources */ = {isa = PBXBuildFile; fileRef = 40FB81581D8CC2D6003D2B01 /* rapidash.png */; };
		40FB81F21D8CC2D6003D2B01 /* raticate.png in Resources */ = {isa = PBXBuildFile; fileRef = 40FB81591D8CC2D6003D2B01 /* raticate.png */; };
		40FB81F31D8CC2D6003D2B01 /* rattata.png in Resources */ = {isa = PBXBuildFile; fileRef = 40FB815A1D8CC2D6003D2B01 /* rattata.png */; };
		40FB81F41D8CC2D6003D2B01 /* rhydon.png in Resources */ = {isa = PBXBuildFile; fileRef = 40FB815B1D8CC2D6003D2B01 /* rhydon.png */; };
		40FB81F51D8CC2D6003D2B01 /* rhyhorn.png in Resources */ = {isa = PBXBuildFile; fileRef = 40FB815C1D8CC2D6003D2B01 /* rhyhorn.png */; };
		40FB81F61D8CC2D6003D2B01 /* sandshrew.png in Resources */ = {isa = PBXBuildFile; fileRef = 40FB815D1D8CC2D6003D2B01 /* sandshrew.png */; };
		40FB81F71D8CC2D6003D2B01 /* sandslash.png in Resources */ = {isa = PBXBuildFile; fileRef = 40FB815E1D8CC2D6003D2B01 /* sandslash.png */; };
		40FB81F81D8CC2D6003D2B01 /* scyther.png in Resources */ = {isa = PBXBuildFile; fileRef = 40FB815F1D8CC2D6003D2B01 /* scyther.png */; };
		40FB81F91D8CC2D6003D2B01 /* seadra.png in Resources */ = {isa = PBXBuildFile; fileRef = 40FB81601D8CC2D6003D2B01 /* seadra.png */; };
		40FB81FA1D8CC2D6003D2B01 /* seaking.png in Resources */ = {isa = PBXBuildFile; fileRef = 40FB81611D8CC2D6003D2B01 /* seaking.png */; };
		40FB81FB1D8CC2D6003D2B01 /* seel.png in Resources */ = {isa = PBXBuildFile; fileRef = 40FB81621D8CC2D6003D2B01 /* seel.png */; };
		40FB81FC1D8CC2D6003D2B01 /* shellder.png in Resources */ = {isa = PBXBuildFile; fileRef = 40FB81631D8CC2D6003D2B01 /* shellder.png */; };
		40FB81FD1D8CC2D6003D2B01 /* slowbro.png in Resources */ = {isa = PBXBuildFile; fileRef = 40FB81641D8CC2D6003D2B01 /* slowbro.png */; };
		40FB81FE1D8CC2D6003D2B01 /* slowpoke.png in Resources */ = {isa = PBXBuildFile; fileRef = 40FB81651D8CC2D6003D2B01 /* slowpoke.png */; };
		40FB81FF1D8CC2D6003D2B01 /* snorlax.png in Resources */ = {isa = PBXBuildFile; fileRef = 40FB81661D8CC2D6003D2B01 /* snorlax.png */; };
		40FB82001D8CC2D6003D2B01 /* spearow.png in Resources */ = {isa = PBXBuildFile; fileRef = 40FB81671D8CC2D6003D2B01 /* spearow.png */; };
		40FB82011D8CC2D6003D2B01 /* squirtle.png in Resources */ = {isa = PBXBuildFile; fileRef = 40FB81681D8CC2D6003D2B01 /* squirtle.png */; };
		40FB82021D8CC2D6003D2B01 /* starmie.png in Resources */ = {isa = PBXBuildFile; fileRef = 40FB81691D8CC2D6003D2B01 /* starmie.png */; };
		40FB82031D8CC2D6003D2B01 /* staryu.png in Resources */ = {isa = PBXBuildFile; fileRef = 40FB816A1D8CC2D6003D2B01 /* staryu.png */; };
		40FB82041D8CC2D6003D2B01 /* tangela.png in Resources */ = {isa = PBXBuildFile; fileRef = 40FB816B1D8CC2D6003D2B01 /* tangela.png */; };
		40FB82051D8CC2D6003D2B01 /* tauros.png in Resources */ = {isa = PBXBuildFile; fileRef = 40FB816C1D8CC2D6003D2B01 /* tauros.png */; };
		40FB82061D8CC2D6003D2B01 /* tentacool.png in Resources */ = {isa = PBXBuildFile; fileRef = 40FB816D1D8CC2D6003D2B01 /* tentacool.png */; };
		40FB82071D8CC2D6003D2B01 /* tentacruel.png in Resources */ = {isa = PBXBuildFile; fileRef = 40FB816E1D8CC2D6003D2B01 /* tentacruel.png */; };
		40FB82081D8CC2D6003D2B01 /* vaporeon.png in Resources */ = {isa = PBXBuildFile; fileRef = 40FB816F1D8CC2D6003D2B01 /* vaporeon.png */; };
		40FB82091D8CC2D6003D2B01 /* venomoth.png in Resources */ = {isa = PBXBuildFile; fileRef = 40FB81701D8CC2D6003D2B01 /* venomoth.png */; };
		40FB820A1D8CC2D6003D2B01 /* venonat.png in Resources */ = {isa = PBXBuildFile; fileRef = 40FB81711D8CC2D6003D2B01 /* venonat.png */; };
		40FB820B1D8CC2D6003D2B01 /* venusaur.png in Resources */ = {isa = PBXBuildFile; fileRef = 40FB81721D8CC2D6003D2B01 /* venusaur.png */; };
		40FB820C1D8CC2D6003D2B01 /* victreebel.png in Resources */ = {isa = PBXBuildFile; fileRef = 40FB81731D8CC2D6003D2B01 /* victreebel.png */; };
		40FB820D1D8CC2D6003D2B01 /* vileplume.png in Resources */ = {isa = PBXBuildFile; fileRef = 40FB81741D8CC2D6003D2B01 /* vileplume.png */; };
		40FB820E1D8CC2D6003D2B01 /* voltorb.png in Resources */ = {isa = PBXBuildFile; fileRef = 40FB81751D8CC2D6003D2B01 /* voltorb.png */; };
		40FB820F1D8CC2D6003D2B01 /* vulpix.png in Resources */ = {isa = PBXBuildFile; fileRef = 40FB81761D8CC2D6003D2B01 /* vulpix.png */; };
		40FB82101D8CC2D6003D2B01 /* wartortle.png in Resources */ = {isa = PBXBuildFile; fileRef = 40FB81771D8CC2D6003D2B01 /* wartortle.png */; };
		40FB82111D8CC2D6003D2B01 /* weedle.png in Resources */ = {isa = PBXBuildFile; fileRef = 40FB81781D8CC2D6003D2B01 /* weedle.png */; };
		40FB82121D8CC2D6003D2B01 /* weepinbell.png in Resources */ = {isa = PBXBuildFile; fileRef = 40FB81791D8CC2D6003D2B01 /* weepinbell.png */; };
		40FB82131D8CC2D6003D2B01 /* weezing.png in Resources */ = {isa = PBXBuildFile; fileRef = 40FB817A1D8CC2D6003D2B01 /* weezing.png */; };
		40FB82141D8CC2D6003D2B01 /* wigglytuff.png in Resources */ = {isa = PBXBuildFile; fileRef = 40FB817B1D8CC2D6003D2B01 /* wigglytuff.png */; };
		40FB82151D8CC2D6003D2B01 /* zapdos.png in Resources */ = {isa = PBXBuildFile; fileRef = 40FB817C1D8CC2D6003D2B01 /* zapdos.png */; };
		40FB82161D8CC2D6003D2B01 /* zubat.png in Resources */ = {isa = PBXBuildFile; fileRef = 40FB817D1D8CC2D6003D2B01 /* zubat.png */; };
		40FB821C1D8CE012003D2B01 /* jsonParser.swift in Sources */ = {isa = PBXBuildFile; fileRef = 40FB821B1D8CE012003D2B01 /* jsonParser.swift */; };
		40FB82211D8CE404003D2B01 /* johto.json in Resources */ = {isa = PBXBuildFile; fileRef = 40FB821F1D8CE404003D2B01 /* johto.json */; };
		40FB82221D8CE404003D2B01 /* kanto.json in Resources */ = {isa = PBXBuildFile; fileRef = 40FB82201D8CE404003D2B01 /* kanto.json */; };
		40FB82251D8CF66D003D2B01 /* pokeCell.swift in Sources */ = {isa = PBXBuildFile; fileRef = 40FB82241D8CF66D003D2B01 /* pokeCell.swift */; };
/* End PBXBuildFile section */

/* Begin PBXContainerItemProxy section */
		40FB80C41D8CAA83003D2B01 /* PBXContainerItemProxy */ = {
			isa = PBXContainerItemProxy;
			containerPortal = 40FB80A41D8CAA82003D2B01 /* Project object */;
			proxyType = 1;
			remoteGlobalIDString = 40FB80AB1D8CAA82003D2B01;
			remoteInfo = "Pokemon Quiz";
		};
		40FB80CF1D8CAA83003D2B01 /* PBXContainerItemProxy */ = {
			isa = PBXContainerItemProxy;
			containerPortal = 40FB80A41D8CAA82003D2B01 /* Project object */;
			proxyType = 1;
			remoteGlobalIDString = 40FB80AB1D8CAA82003D2B01;
			remoteInfo = "Pokemon Quiz";
		};
/* End PBXContainerItemProxy section */

/* Begin PBXFileReference section */
		40FB80AC1D8CAA82003D2B01 /* Pokemon Quiz.app */ = {isa = PBXFileReference; explicitFileType = wrapper.application; includeInIndex = 0; path = "Pokemon Quiz.app"; sourceTree = BUILT_PRODUCTS_DIR; };
		40FB80AF1D8CAA82003D2B01 /* AppDelegate.swift */ = {isa = PBXFileReference; lastKnownFileType = sourcecode.swift; path = AppDelegate.swift; sourceTree = "<group>"; };
		40FB80B11D8CAA82003D2B01 /* ViewController.swift */ = {isa = PBXFileReference; lastKnownFileType = sourcecode.swift; path = ViewController.swift; sourceTree = "<group>"; };
		40FB80B41D8CAA82003D2B01 /* Base */ = {isa = PBXFileReference; lastKnownFileType = file.storyboard; name = Base; path = Base.lproj/Main.storyboard; sourceTree = "<group>"; };
		40FB80B71D8CAA82003D2B01 /* Pokemon_Quiz.xcdatamodel */ = {isa = PBXFileReference; lastKnownFileType = wrapper.xcdatamodel; path = Pokemon_Quiz.xcdatamodel; sourceTree = "<group>"; };
		40FB80B91D8CAA82003D2B01 /* Assets.xcassets */ = {isa = PBXFileReference; lastKnownFileType = folder.assetcatalog; path = Assets.xcassets; sourceTree = "<group>"; };
		40FB80BC1D8CAA82003D2B01 /* Base */ = {isa = PBXFileReference; lastKnownFileType = file.storyboard; name = Base; path = Base.lproj/LaunchScreen.storyboard; sourceTree = "<group>"; };
		40FB80BE1D8CAA82003D2B01 /* Info.plist */ = {isa = PBXFileReference; lastKnownFileType = text.plist.xml; path = Info.plist; sourceTree = "<group>"; };
		40FB80C31D8CAA83003D2B01 /* Pokemon QuizTests.xctest */ = {isa = PBXFileReference; explicitFileType = wrapper.cfbundle; includeInIndex = 0; path = "Pokemon QuizTests.xctest"; sourceTree = BUILT_PRODUCTS_DIR; };
		40FB80C71D8CAA83003D2B01 /* Pokemon_QuizTests.swift */ = {isa = PBXFileReference; lastKnownFileType = sourcecode.swift; path = Pokemon_QuizTests.swift; sourceTree = "<group>"; };
		40FB80C91D8CAA83003D2B01 /* Info.plist */ = {isa = PBXFileReference; lastKnownFileType = text.plist.xml; path = Info.plist; sourceTree = "<group>"; };
		40FB80CE1D8CAA83003D2B01 /* Pokemon QuizUITests.xctest */ = {isa = PBXFileReference; explicitFileType = wrapper.cfbundle; includeInIndex = 0; path = "Pokemon QuizUITests.xctest"; sourceTree = BUILT_PRODUCTS_DIR; };
		40FB80D21D8CAA83003D2B01 /* Pokemon_QuizUITests.swift */ = {isa = PBXFileReference; lastKnownFileType = sourcecode.swift; path = Pokemon_QuizUITests.swift; sourceTree = "<group>"; };
		40FB80D41D8CAA83003D2B01 /* Info.plist */ = {isa = PBXFileReference; lastKnownFileType = text.plist.xml; path = Info.plist; sourceTree = "<group>"; };
		40FB80E01D8CC00A003D2B01 /* quizzoController.swift */ = {isa = PBXFileReference; fileEncoding = 4; lastKnownFileType = sourcecode.swift; path = quizzoController.swift; sourceTree = "<group>"; };
		40FB80E51D8CC2D5003D2B01 /* abra.png */ = {isa = PBXFileReference; lastKnownFileType = image.png; name = abra.png; path = ../../assets/img/kanto/abra.png; sourceTree = "<group>"; };
		40FB80E61D8CC2D5003D2B01 /* aerodactyl.png */ = {isa = PBXFileReference; lastKnownFileType = image.png; name = aerodactyl.png; path = ../../assets/img/kanto/aerodactyl.png; sourceTree = "<group>"; };
		40FB80E71D8CC2D5003D2B01 /* alakazam.png */ = {isa = PBXFileReference; lastKnownFileType = image.png; name = alakazam.png; path = ../../assets/img/kanto/alakazam.png; sourceTree = "<group>"; };
		40FB80E81D8CC2D5003D2B01 /* arbok.png */ = {isa = PBXFileReference; lastKnownFileType = image.png; name = arbok.png; path = ../../assets/img/kanto/arbok.png; sourceTree = "<group>"; };
		40FB80E91D8CC2D5003D2B01 /* arcanine.png */ = {isa = PBXFileReference; lastKnownFileType = image.png; name = arcanine.png; path = ../../assets/img/kanto/arcanine.png; sourceTree = "<group>"; };
		40FB80EA1D8CC2D5003D2B01 /* articuno.png */ = {isa = PBXFileReference; lastKnownFileType = image.png; name = articuno.png; path = ../../assets/img/kanto/articuno.png; sourceTree = "<group>"; };
		40FB80EB1D8CC2D5003D2B01 /* beedrill.png */ = {isa = PBXFileReference; lastKnownFileType = image.png; name = beedrill.png; path = ../../assets/img/kanto/beedrill.png; sourceTree = "<group>"; };
		40FB80EC1D8CC2D5003D2B01 /* bellsprout.png */ = {isa = PBXFileReference; lastKnownFileType = image.png; name = bellsprout.png; path = ../../assets/img/kanto/bellsprout.png; sourceTree = "<group>"; };
		40FB80ED1D8CC2D5003D2B01 /* blastoise.png */ = {isa = PBXFileReference; lastKnownFileType = image.png; name = blastoise.png; path = ../../assets/img/kanto/blastoise.png; sourceTree = "<group>"; };
		40FB80EE1D8CC2D5003D2B01 /* bulbasaur.png */ = {isa = PBXFileReference; lastKnownFileType = image.png; name = bulbasaur.png; path = ../../assets/img/kanto/bulbasaur.png; sourceTree = "<group>"; };
		40FB80EF1D8CC2D5003D2B01 /* butterfree.png */ = {isa = PBXFileReference; lastKnownFileType = image.png; name = butterfree.png; path = ../../assets/img/kanto/butterfree.png; sourceTree = "<group>"; };
		40FB80F01D8CC2D5003D2B01 /* caterpie.png */ = {isa = PBXFileReference; lastKnownFileType = image.png; name = caterpie.png; path = ../../assets/img/kanto/caterpie.png; sourceTree = "<group>"; };
		40FB80F11D8CC2D5003D2B01 /* chansey.png */ = {isa = PBXFileReference; lastKnownFileType = image.png; name = chansey.png; path = ../../assets/img/kanto/chansey.png; sourceTree = "<group>"; };
		40FB80F21D8CC2D5003D2B01 /* charizard.png */ = {isa = PBXFileReference; lastKnownFileType = image.png; name = charizard.png; path = ../../assets/img/kanto/charizard.png; sourceTree = "<group>"; };
		40FB80F31D8CC2D5003D2B01 /* charmander.png */ = {isa = PBXFileReference; lastKnownFileType = image.png; name = charmander.png; path = ../../assets/img/kanto/charmander.png; sourceTree = "<group>"; };
		40FB80F41D8CC2D5003D2B01 /* charmeleon.png */ = {isa = PBXFileReference; lastKnownFileType = image.png; name = charmeleon.png; path = ../../assets/img/kanto/charmeleon.png; sourceTree = "<group>"; };
		40FB80F51D8CC2D5003D2B01 /* clefable.png */ = {isa = PBXFileReference; lastKnownFileType = image.png; name = clefable.png; path = ../../assets/img/kanto/clefable.png; sourceTree = "<group>"; };
		40FB80F61D8CC2D5003D2B01 /* clefairy.png */ = {isa = PBXFileReference; lastKnownFileType = image.png; name = clefairy.png; path = ../../assets/img/kanto/clefairy.png; sourceTree = "<group>"; };
		40FB80F71D8CC2D5003D2B01 /* cloyster.png */ = {isa = PBXFileReference; lastKnownFileType = image.png; name = cloyster.png; path = ../../assets/img/kanto/cloyster.png; sourceTree = "<group>"; };
		40FB80F81D8CC2D5003D2B01 /* cubone.png */ = {isa = PBXFileReference; lastKnownFileType = image.png; name = cubone.png; path = ../../assets/img/kanto/cubone.png; sourceTree = "<group>"; };
		40FB80F91D8CC2D5003D2B01 /* dewgong.png */ = {isa = PBXFileReference; lastKnownFileType = image.png; name = dewgong.png; path = ../../assets/img/kanto/dewgong.png; sourceTree = "<group>"; };
		40FB80FA1D8CC2D5003D2B01 /* diglett.png */ = {isa = PBXFileReference; lastKnownFileType = image.png; name = diglett.png; path = ../../assets/img/kanto/diglett.png; sourceTree = "<group>"; };
		40FB80FB1D8CC2D5003D2B01 /* ditto.png */ = {isa = PBXFileReference; lastKnownFileType = image.png; name = ditto.png; path = ../../assets/img/kanto/ditto.png; sourceTree = "<group>"; };
		40FB80FC1D8CC2D5003D2B01 /* dodrio.png */ = {isa = PBXFileReference; lastKnownFileType = image.png; name = dodrio.png; path = ../../assets/img/kanto/dodrio.png; sourceTree = "<group>"; };
		40FB80FD1D8CC2D5003D2B01 /* doduo.png */ = {isa = PBXFileReference; lastKnownFileType = image.png; name = doduo.png; path = ../../assets/img/kanto/doduo.png; sourceTree = "<group>"; };
		40FB80FE1D8CC2D5003D2B01 /* dragonair.png */ = {isa = PBXFileReference; lastKnownFileType = image.png; name = dragonair.png; path = ../../assets/img/kanto/dragonair.png; sourceTree = "<group>"; };
		40FB80FF1D8CC2D5003D2B01 /* dragonite.png */ = {isa = PBXFileReference; lastKnownFileType = image.png; name = dragonite.png; path = ../../assets/img/kanto/dragonite.png; sourceTree = "<group>"; };
		40FB81001D8CC2D5003D2B01 /* dratini.png */ = {isa = PBXFileReference; lastKnownFileType = image.png; name = dratini.png; path = ../../assets/img/kanto/dratini.png; sourceTree = "<group>"; };
		40FB81011D8CC2D5003D2B01 /* drowzee.png */ = {isa = PBXFileReference; lastKnownFileType = image.png; name = drowzee.png; path = ../../assets/img/kanto/drowzee.png; sourceTree = "<group>"; };
		40FB81021D8CC2D5003D2B01 /* dugtrio.png */ = {isa = PBXFileReference; lastKnownFileType = image.png; name = dugtrio.png; path = ../../assets/img/kanto/dugtrio.png; sourceTree = "<group>"; };
		40FB81031D8CC2D5003D2B01 /* eevee.png */ = {isa = PBXFileReference; lastKnownFileType = image.png; name = eevee.png; path = ../../assets/img/kanto/eevee.png; sourceTree = "<group>"; };
		40FB81041D8CC2D5003D2B01 /* ekans.png */ = {isa = PBXFileReference; lastKnownFileType = image.png; name = ekans.png; path = ../../assets/img/kanto/ekans.png; sourceTree = "<group>"; };
		40FB81051D8CC2D5003D2B01 /* electabuzz.png */ = {isa = PBXFileReference; lastKnownFileType = image.png; name = electabuzz.png; path = ../../assets/img/kanto/electabuzz.png; sourceTree = "<group>"; };
		40FB81061D8CC2D5003D2B01 /* electrode.png */ = {isa = PBXFileReference; lastKnownFileType = image.png; name = electrode.png; path = ../../assets/img/kanto/electrode.png; sourceTree = "<group>"; };
		40FB81071D8CC2D5003D2B01 /* exeggcute.png */ = {isa = PBXFileReference; lastKnownFileType = image.png; name = exeggcute.png; path = ../../assets/img/kanto/exeggcute.png; sourceTree = "<group>"; };
		40FB81081D8CC2D5003D2B01 /* exeggutor.png */ = {isa = PBXFileReference; lastKnownFileType = image.png; name = exeggutor.png; path = ../../assets/img/kanto/exeggutor.png; sourceTree = "<group>"; };
		40FB81091D8CC2D5003D2B01 /* farfetchd.png */ = {isa = PBXFileReference; lastKnownFileType = image.png; name = farfetchd.png; path = ../../assets/img/kanto/farfetchd.png; sourceTree = "<group>"; };
		40FB810A1D8CC2D5003D2B01 /* fearow.png */ = {isa = PBXFileReference; lastKnownFileType = image.png; name = fearow.png; path = ../../assets/img/kanto/fearow.png; sourceTree = "<group>"; };
		40FB810B1D8CC2D5003D2B01 /* flareon.png */ = {isa = PBXFileReference; lastKnownFileType = image.png; name = flareon.png; path = ../../assets/img/kanto/flareon.png; sourceTree = "<group>"; };
		40FB810C1D8CC2D5003D2B01 /* gastly.png */ = {isa = PBXFileReference; lastKnownFileType = image.png; name = gastly.png; path = ../../assets/img/kanto/gastly.png; sourceTree = "<group>"; };
		40FB810D1D8CC2D5003D2B01 /* gengar.png */ = {isa = PBXFileReference; lastKnownFileType = image.png; name = gengar.png; path = ../../assets/img/kanto/gengar.png; sourceTree = "<group>"; };
		40FB810E1D8CC2D5003D2B01 /* geodude.png */ = {isa = PBXFileReference; lastKnownFileType = image.png; name = geodude.png; path = ../../assets/img/kanto/geodude.png; sourceTree = "<group>"; };
		40FB810F1D8CC2D5003D2B01 /* gloom.png */ = {isa = PBXFileReference; lastKnownFileType = image.png; name = gloom.png; path = ../../assets/img/kanto/gloom.png; sourceTree = "<group>"; };
		40FB81101D8CC2D5003D2B01 /* golbat.png */ = {isa = PBXFileReference; lastKnownFileType = image.png; name = golbat.png; path = ../../assets/img/kanto/golbat.png; sourceTree = "<group>"; };
		40FB81111D8CC2D5003D2B01 /* goldeen.png */ = {isa = PBXFileReference; lastKnownFileType = image.png; name = goldeen.png; path = ../../assets/img/kanto/goldeen.png; sourceTree = "<group>"; };
		40FB81121D8CC2D5003D2B01 /* golduck.png */ = {isa = PBXFileReference; lastKnownFileType = image.png; name = golduck.png; path = ../../assets/img/kanto/golduck.png; sourceTree = "<group>"; };
		40FB81131D8CC2D5003D2B01 /* golem.png */ = {isa = PBXFileReference; lastKnownFileType = image.png; name = golem.png; path = ../../assets/img/kanto/golem.png; sourceTree = "<group>"; };
		40FB81141D8CC2D5003D2B01 /* graveler.png */ = {isa = PBXFileReference; lastKnownFileType = image.png; name = graveler.png; path = ../../assets/img/kanto/graveler.png; sourceTree = "<group>"; };
		40FB81151D8CC2D5003D2B01 /* grimer.png */ = {isa = PBXFileReference; lastKnownFileType = image.png; name = grimer.png; path = ../../assets/img/kanto/grimer.png; sourceTree = "<group>"; };
		40FB81161D8CC2D5003D2B01 /* growlithe.png */ = {isa = PBXFileReference; lastKnownFileType = image.png; name = growlithe.png; path = ../../assets/img/kanto/growlithe.png; sourceTree = "<group>"; };
		40FB81171D8CC2D5003D2B01 /* gyarados.png */ = {isa = PBXFileReference; lastKnownFileType = image.png; name = gyarados.png; path = ../../assets/img/kanto/gyarados.png; sourceTree = "<group>"; };
		40FB81181D8CC2D5003D2B01 /* haunter.png */ = {isa = PBXFileReference; lastKnownFileType = image.png; name = haunter.png; path = ../../assets/img/kanto/haunter.png; sourceTree = "<group>"; };
		40FB81191D8CC2D5003D2B01 /* hitmonchan.png */ = {isa = PBXFileReference; lastKnownFileType = image.png; name = hitmonchan.png; path = ../../assets/img/kanto/hitmonchan.png; sourceTree = "<group>"; };
		40FB811A1D8CC2D5003D2B01 /* hitmonlee.png */ = {isa = PBXFileReference; lastKnownFileType = image.png; name = hitmonlee.png; path = ../../assets/img/kanto/hitmonlee.png; sourceTree = "<group>"; };
		40FB811B1D8CC2D5003D2B01 /* horsea.png */ = {isa = PBXFileReference; lastKnownFileType = image.png; name = horsea.png; path = ../../assets/img/kanto/horsea.png; sourceTree = "<group>"; };
		40FB811C1D8CC2D5003D2B01 /* hypno.png */ = {isa = PBXFileReference; lastKnownFileType = image.png; name = hypno.png; path = ../../assets/img/kanto/hypno.png; sourceTree = "<group>"; };
		40FB811D1D8CC2D5003D2B01 /* ivysaur.png */ = {isa = PBXFileReference; lastKnownFileType = image.png; name = ivysaur.png; path = ../../assets/img/kanto/ivysaur.png; sourceTree = "<group>"; };
		40FB811E1D8CC2D5003D2B01 /* jigglypuff.png */ = {isa = PBXFileReference; lastKnownFileType = image.png; name = jigglypuff.png; path = ../../assets/img/kanto/jigglypuff.png; sourceTree = "<group>"; };
		40FB811F1D8CC2D5003D2B01 /* jolteon.png */ = {isa = PBXFileReference; lastKnownFileType = image.png; name = jolteon.png; path = ../../assets/img/kanto/jolteon.png; sourceTree = "<group>"; };
		40FB81201D8CC2D5003D2B01 /* jynx.png */ = {isa = PBXFileReference; lastKnownFileType = image.png; name = jynx.png; path = ../../assets/img/kanto/jynx.png; sourceTree = "<group>"; };
		40FB81211D8CC2D5003D2B01 /* kabuto.png */ = {isa = PBXFileReference; lastKnownFileType = image.png; name = kabuto.png; path = ../../assets/img/kanto/kabuto.png; sourceTree = "<group>"; };
		40FB81221D8CC2D5003D2B01 /* kabutops.png */ = {isa = PBXFileReference; lastKnownFileType = image.png; name = kabutops.png; path = ../../assets/img/kanto/kabutops.png; sourceTree = "<group>"; };
		40FB81231D8CC2D5003D2B01 /* kadabra.png */ = {isa = PBXFileReference; lastKnownFileType = image.png; name = kadabra.png; path = ../../assets/img/kanto/kadabra.png; sourceTree = "<group>"; };
		40FB81241D8CC2D5003D2B01 /* kakuna.png */ = {isa = PBXFileReference; lastKnownFileType = image.png; name = kakuna.png; path = ../../assets/img/kanto/kakuna.png; sourceTree = "<group>"; };
		40FB81251D8CC2D5003D2B01 /* kangaskhan.png */ = {isa = PBXFileReference; lastKnownFileType = image.png; name = kangaskhan.png; path = ../../assets/img/kanto/kangaskhan.png; sourceTree = "<group>"; };
		40FB81261D8CC2D5003D2B01 /* kingler.png */ = {isa = PBXFileReference; lastKnownFileType = image.png; name = kingler.png; path = ../../assets/img/kanto/kingler.png; sourceTree = "<group>"; };
		40FB81271D8CC2D5003D2B01 /* koffing.png */ = {isa = PBXFileReference; lastKnownFileType = image.png; name = koffing.png; path = ../../assets/img/kanto/koffing.png; sourceTree = "<group>"; };
		40FB81281D8CC2D5003D2B01 /* krabby.png */ = {isa = PBXFileReference; lastKnownFileType = image.png; name = krabby.png; path = ../../assets/img/kanto/krabby.png; sourceTree = "<group>"; };
		40FB81291D8CC2D5003D2B01 /* lapras.png */ = {isa = PBXFileReference; lastKnownFileType = image.png; name = lapras.png; path = ../../assets/img/kanto/lapras.png; sourceTree = "<group>"; };
		40FB812A1D8CC2D5003D2B01 /* lickitung.png */ = {isa = PBXFileReference; lastKnownFileType = image.png; name = lickitung.png; path = ../../assets/img/kanto/lickitung.png; sourceTree = "<group>"; };
		40FB812B1D8CC2D5003D2B01 /* machamp.png */ = {isa = PBXFileReference; lastKnownFileType = image.png; name = machamp.png; path = ../../assets/img/kanto/machamp.png; sourceTree = "<group>"; };
		40FB812C1D8CC2D5003D2B01 /* machoke.png */ = {isa = PBXFileReference; lastKnownFileType = image.png; name = machoke.png; path = ../../assets/img/kanto/machoke.png; sourceTree = "<group>"; };
		40FB812D1D8CC2D5003D2B01 /* machop.png */ = {isa = PBXFileReference; lastKnownFileType = image.png; name = machop.png; path = ../../assets/img/kanto/machop.png; sourceTree = "<group>"; };
		40FB812E1D8CC2D5003D2B01 /* magikarp.png */ = {isa = PBXFileReference; lastKnownFileType = image.png; name = magikarp.png; path = ../../assets/img/kanto/magikarp.png; sourceTree = "<group>"; };
		40FB812F1D8CC2D5003D2B01 /* magmar.png */ = {isa = PBXFileReference; lastKnownFileType = image.png; name = magmar.png; path = ../../assets/img/kanto/magmar.png; sourceTree = "<group>"; };
		40FB81301D8CC2D5003D2B01 /* magnemite.png */ = {isa = PBXFileReference; lastKnownFileType = image.png; name = magnemite.png; path = ../../assets/img/kanto/magnemite.png; sourceTree = "<group>"; };
		40FB81311D8CC2D5003D2B01 /* magneton.png */ = {isa = PBXFileReference; lastKnownFileType = image.png; name = magneton.png; path = ../../assets/img/kanto/magneton.png; sourceTree = "<group>"; };
		40FB81321D8CC2D5003D2B01 /* mankey.png */ = {isa = PBXFileReference; lastKnownFileType = image.png; name = mankey.png; path = ../../assets/img/kanto/mankey.png; sourceTree = "<group>"; };
		40FB81331D8CC2D5003D2B01 /* marowak.png */ = {isa = PBXFileReference; lastKnownFileType = image.png; name = marowak.png; path = ../../assets/img/kanto/marowak.png; sourceTree = "<group>"; };
		40FB81341D8CC2D5003D2B01 /* meowth.png */ = {isa = PBXFileReference; lastKnownFileType = image.png; name = meowth.png; path = ../../assets/img/kanto/meowth.png; sourceTree = "<group>"; };
		40FB81351D8CC2D5003D2B01 /* metapod.png */ = {isa = PBXFileReference; lastKnownFileType = image.png; name = metapod.png; path = ../../assets/img/kanto/metapod.png; sourceTree = "<group>"; };
		40FB81361D8CC2D5003D2B01 /* mew.png */ = {isa = PBXFileReference; lastKnownFileType = image.png; name = mew.png; path = ../../assets/img/kanto/mew.png; sourceTree = "<group>"; };
		40FB81371D8CC2D5003D2B01 /* mewtwo.png */ = {isa = PBXFileReference; lastKnownFileType = image.png; name = mewtwo.png; path = ../../assets/img/kanto/mewtwo.png; sourceTree = "<group>"; };
		40FB81381D8CC2D5003D2B01 /* moltres.png */ = {isa = PBXFileReference; lastKnownFileType = image.png; name = moltres.png; path = ../../assets/img/kanto/moltres.png; sourceTree = "<group>"; };
		40FB81391D8CC2D5003D2B01 /* mr mime.png */ = {isa = PBXFileReference; lastKnownFileType = image.png; name = "mr mime.png"; path = "../../assets/img/kanto/mr mime.png"; sourceTree = "<group>"; };
		40FB813A1D8CC2D5003D2B01 /* mr. mime.png */ = {isa = PBXFileReference; lastKnownFileType = image.png; name = "mr. mime.png"; path = "../../assets/img/kanto/mr. mime.png"; sourceTree = "<group>"; };
		40FB813B1D8CC2D5003D2B01 /* mrmime.png */ = {isa = PBXFileReference; lastKnownFileType = image.png; name = mrmime.png; path = ../../assets/img/kanto/mrmime.png; sourceTree = "<group>"; };
		40FB813C1D8CC2D5003D2B01 /* muk.png */ = {isa = PBXFileReference; lastKnownFileType = image.png; name = muk.png; path = ../../assets/img/kanto/muk.png; sourceTree = "<group>"; };
		40FB813D1D8CC2D5003D2B01 /* nidoking.png */ = {isa = PBXFileReference; lastKnownFileType = image.png; name = nidoking.png; path = ../../assets/img/kanto/nidoking.png; sourceTree = "<group>"; };
		40FB813E1D8CC2D5003D2B01 /* nidoqueen.png */ = {isa = PBXFileReference; lastKnownFileType = image.png; name = nidoqueen.png; path = ../../assets/img/kanto/nidoqueen.png; sourceTree = "<group>"; };
		40FB813F1D8CC2D5003D2B01 /* nidoranf.png */ = {isa = PBXFileReference; lastKnownFileType = image.png; name = nidoranf.png; path = ../../assets/img/kanto/nidoranf.png; sourceTree = "<group>"; };
		40FB81401D8CC2D5003D2B01 /* nidoranm.png */ = {isa = PBXFileReference; lastKnownFileType = image.png; name = nidoranm.png; path = ../../assets/img/kanto/nidoranm.png; sourceTree = "<group>"; };
		40FB81411D8CC2D5003D2B01 /* nidorina.png */ = {isa = PBXFileReference; lastKnownFileType = image.png; name = nidorina.png; path = ../../assets/img/kanto/nidorina.png; sourceTree = "<group>"; };
		40FB81421D8CC2D5003D2B01 /* nidorino.png */ = {isa = PBXFileReference; lastKnownFileType = image.png; name = nidorino.png; path = ../../assets/img/kanto/nidorino.png; sourceTree = "<group>"; };
		40FB81431D8CC2D5003D2B01 /* ninetales.png */ = {isa = PBXFileReference; lastKnownFileType = image.png; name = ninetales.png; path = ../../assets/img/kanto/ninetales.png; sourceTree = "<group>"; };
		40FB81441D8CC2D5003D2B01 /* oddish.png */ = {isa = PBXFileReference; lastKnownFileType = image.png; name = oddish.png; path = ../../assets/img/kanto/oddish.png; sourceTree = "<group>"; };
		40FB81451D8CC2D5003D2B01 /* omanyte.png */ = {isa = PBXFileReference; lastKnownFileType = image.png; name = omanyte.png; path = ../../assets/img/kanto/omanyte.png; sourceTree = "<group>"; };
		40FB81461D8CC2D5003D2B01 /* omastar.png */ = {isa = PBXFileReference; lastKnownFileType = image.png; name = omastar.png; path = ../../assets/img/kanto/omastar.png; sourceTree = "<group>"; };
		40FB81471D8CC2D5003D2B01 /* onix.png */ = {isa = PBXFileReference; lastKnownFileType = image.png; name = onix.png; path = ../../assets/img/kanto/onix.png; sourceTree = "<group>"; };
		40FB81481D8CC2D5003D2B01 /* paras.png */ = {isa = PBXFileReference; lastKnownFileType = image.png; name = paras.png; path = ../../assets/img/kanto/paras.png; sourceTree = "<group>"; };
		40FB81491D8CC2D5003D2B01 /* parasect.png */ = {isa = PBXFileReference; lastKnownFileType = image.png; name = parasect.png; path = ../../assets/img/kanto/parasect.png; sourceTree = "<group>"; };
		40FB814A1D8CC2D5003D2B01 /* persian.png */ = {isa = PBXFileReference; lastKnownFileType = image.png; name = persian.png; path = ../../assets/img/kanto/persian.png; sourceTree = "<group>"; };
		40FB814B1D8CC2D5003D2B01 /* pidgeot.png */ = {isa = PBXFileReference; lastKnownFileType = image.png; name = pidgeot.png; path = ../../assets/img/kanto/pidgeot.png; sourceTree = "<group>"; };
		40FB814C1D8CC2D6003D2B01 /* pidgeotto.png */ = {isa = PBXFileReference; lastKnownFileType = image.png; name = pidgeotto.png; path = ../../assets/img/kanto/pidgeotto.png; sourceTree = "<group>"; };
		40FB814D1D8CC2D6003D2B01 /* pidgey.png */ = {isa = PBXFileReference; lastKnownFileType = image.png; name = pidgey.png; path = ../../assets/img/kanto/pidgey.png; sourceTree = "<group>"; };
		40FB814E1D8CC2D6003D2B01 /* pikachu.png */ = {isa = PBXFileReference; lastKnownFileType = image.png; name = pikachu.png; path = ../../assets/img/kanto/pikachu.png; sourceTree = "<group>"; };
		40FB814F1D8CC2D6003D2B01 /* pinsir.png */ = {isa = PBXFileReference; lastKnownFileType = image.png; name = pinsir.png; path = ../../assets/img/kanto/pinsir.png; sourceTree = "<group>"; };
		40FB81501D8CC2D6003D2B01 /* poliwag.png */ = {isa = PBXFileReference; lastKnownFileType = image.png; name = poliwag.png; path = ../../assets/img/kanto/poliwag.png; sourceTree = "<group>"; };
		40FB81511D8CC2D6003D2B01 /* poliwhirl.png */ = {isa = PBXFileReference; lastKnownFileType = image.png; name = poliwhirl.png; path = ../../assets/img/kanto/poliwhirl.png; sourceTree = "<group>"; };
		40FB81521D8CC2D6003D2B01 /* poliwrath.png */ = {isa = PBXFileReference; lastKnownFileType = image.png; name = poliwrath.png; path = ../../assets/img/kanto/poliwrath.png; sourceTree = "<group>"; };
		40FB81531D8CC2D6003D2B01 /* ponyta.png */ = {isa = PBXFileReference; lastKnownFileType = image.png; name = ponyta.png; path = ../../assets/img/kanto/ponyta.png; sourceTree = "<group>"; };
		40FB81541D8CC2D6003D2B01 /* porygon.png */ = {isa = PBXFileReference; lastKnownFileType = image.png; name = porygon.png; path = ../../assets/img/kanto/porygon.png; sourceTree = "<group>"; };
		40FB81551D8CC2D6003D2B01 /* primeape.png */ = {isa = PBXFileReference; lastKnownFileType = image.png; name = primeape.png; path = ../../assets/img/kanto/primeape.png; sourceTree = "<group>"; };
		40FB81561D8CC2D6003D2B01 /* psyduck.png */ = {isa = PBXFileReference; lastKnownFileType = image.png; name = psyduck.png; path = ../../assets/img/kanto/psyduck.png; sourceTree = "<group>"; };
		40FB81571D8CC2D6003D2B01 /* raichu.png */ = {isa = PBXFileReference; lastKnownFileType = image.png; name = raichu.png; path = ../../assets/img/kanto/raichu.png; sourceTree = "<group>"; };
		40FB81581D8CC2D6003D2B01 /* rapidash.png */ = {isa = PBXFileReference; lastKnownFileType = image.png; name = rapidash.png; path = ../../assets/img/kanto/rapidash.png; sourceTree = "<group>"; };
		40FB81591D8CC2D6003D2B01 /* raticate.png */ = {isa = PBXFileReference; lastKnownFileType = image.png; name = raticate.png; path = ../../assets/img/kanto/raticate.png; sourceTree = "<group>"; };
		40FB815A1D8CC2D6003D2B01 /* rattata.png */ = {isa = PBXFileReference; lastKnownFileType = image.png; name = rattata.png; path = ../../assets/img/kanto/rattata.png; sourceTree = "<group>"; };
		40FB815B1D8CC2D6003D2B01 /* rhydon.png */ = {isa = PBXFileReference; lastKnownFileType = image.png; name = rhydon.png; path = ../../assets/img/kanto/rhydon.png; sourceTree = "<group>"; };
		40FB815C1D8CC2D6003D2B01 /* rhyhorn.png */ = {isa = PBXFileReference; lastKnownFileType = image.png; name = rhyhorn.png; path = ../../assets/img/kanto/rhyhorn.png; sourceTree = "<group>"; };
		40FB815D1D8CC2D6003D2B01 /* sandshrew.png */ = {isa = PBXFileReference; lastKnownFileType = image.png; name = sandshrew.png; path = ../../assets/img/kanto/sandshrew.png; sourceTree = "<group>"; };
		40FB815E1D8CC2D6003D2B01 /* sandslash.png */ = {isa = PBXFileReference; lastKnownFileType = image.png; name = sandslash.png; path = ../../assets/img/kanto/sandslash.png; sourceTree = "<group>"; };
		40FB815F1D8CC2D6003D2B01 /* scyther.png */ = {isa = PBXFileReference; lastKnownFileType = image.png; name = scyther.png; path = ../../assets/img/kanto/scyther.png; sourceTree = "<group>"; };
		40FB81601D8CC2D6003D2B01 /* seadra.png */ = {isa = PBXFileReference; lastKnownFileType = image.png; name = seadra.png; path = ../../assets/img/kanto/seadra.png; sourceTree = "<group>"; };
		40FB81611D8CC2D6003D2B01 /* seaking.png */ = {isa = PBXFileReference; lastKnownFileType = image.png; name = seaking.png; path = ../../assets/img/kanto/seaking.png; sourceTree = "<group>"; };
		40FB81621D8CC2D6003D2B01 /* seel.png */ = {isa = PBXFileReference; lastKnownFileType = image.png; name = seel.png; path = ../../assets/img/kanto/seel.png; sourceTree = "<group>"; };
		40FB81631D8CC2D6003D2B01 /* shellder.png */ = {isa = PBXFileReference; lastKnownFileType = image.png; name = shellder.png; path = ../../assets/img/kanto/shellder.png; sourceTree = "<group>"; };
		40FB81641D8CC2D6003D2B01 /* slowbro.png */ = {isa = PBXFileReference; lastKnownFileType = image.png; name = slowbro.png; path = ../../assets/img/kanto/slowbro.png; sourceTree = "<group>"; };
		40FB81651D8CC2D6003D2B01 /* slowpoke.png */ = {isa = PBXFileReference; lastKnownFileType = image.png; name = slowpoke.png; path = ../../assets/img/kanto/slowpoke.png; sourceTree = "<group>"; };
		40FB81661D8CC2D6003D2B01 /* snorlax.png */ = {isa = PBXFileReference; lastKnownFileType = image.png; name = snorlax.png; path = ../../assets/img/kanto/snorlax.png; sourceTree = "<group>"; };
		40FB81671D8CC2D6003D2B01 /* spearow.png */ = {isa = PBXFileReference; lastKnownFileType = image.png; name = spearow.png; path = ../../assets/img/kanto/spearow.png; sourceTree = "<group>"; };
		40FB81681D8CC2D6003D2B01 /* squirtle.png */ = {isa = PBXFileReference; lastKnownFileType = image.png; name = squirtle.png; path = ../../assets/img/kanto/squirtle.png; sourceTree = "<group>"; };
		40FB81691D8CC2D6003D2B01 /* starmie.png */ = {isa = PBXFileReference; lastKnownFileType = image.png; name = starmie.png; path = ../../assets/img/kanto/starmie.png; sourceTree = "<group>"; };
		40FB816A1D8CC2D6003D2B01 /* staryu.png */ = {isa = PBXFileReference; lastKnownFileType = image.png; name = staryu.png; path = ../../assets/img/kanto/staryu.png; sourceTree = "<group>"; };
		40FB816B1D8CC2D6003D2B01 /* tangela.png */ = {isa = PBXFileReference; lastKnownFileType = image.png; name = tangela.png; path = ../../assets/img/kanto/tangela.png; sourceTree = "<group>"; };
		40FB816C1D8CC2D6003D2B01 /* tauros.png */ = {isa = PBXFileReference; lastKnownFileType = image.png; name = tauros.png; path = ../../assets/img/kanto/tauros.png; sourceTree = "<group>"; };
		40FB816D1D8CC2D6003D2B01 /* tentacool.png */ = {isa = PBXFileReference; lastKnownFileType = image.png; name = tentacool.png; path = ../../assets/img/kanto/tentacool.png; sourceTree = "<group>"; };
		40FB816E1D8CC2D6003D2B01 /* tentacruel.png */ = {isa = PBXFileReference; lastKnownFileType = image.png; name = tentacruel.png; path = ../../assets/img/kanto/tentacruel.png; sourceTree = "<group>"; };
		40FB816F1D8CC2D6003D2B01 /* vaporeon.png */ = {isa = PBXFileReference; lastKnownFileType = image.png; name = vaporeon.png; path = ../../assets/img/kanto/vaporeon.png; sourceTree = "<group>"; };
		40FB81701D8CC2D6003D2B01 /* venomoth.png */ = {isa = PBXFileReference; lastKnownFileType = image.png; name = venomoth.png; path = ../../assets/img/kanto/venomoth.png; sourceTree = "<group>"; };
		40FB81711D8CC2D6003D2B01 /* venonat.png */ = {isa = PBXFileReference; lastKnownFileType = image.png; name = venonat.png; path = ../../assets/img/kanto/venonat.png; sourceTree = "<group>"; };
		40FB81721D8CC2D6003D2B01 /* venusaur.png */ = {isa = PBXFileReference; lastKnownFileType = image.png; name = venusaur.png; path = ../../assets/img/kanto/venusaur.png; sourceTree = "<group>"; };
		40FB81731D8CC2D6003D2B01 /* victreebel.png */ = {isa = PBXFileReference; lastKnownFileType = image.png; name = victreebel.png; path = ../../assets/img/kanto/victreebel.png; sourceTree = "<group>"; };
		40FB81741D8CC2D6003D2B01 /* vileplume.png */ = {isa = PBXFileReference; lastKnownFileType = image.png; name = vileplume.png; path = ../../assets/img/kanto/vileplume.png; sourceTree = "<group>"; };
		40FB81751D8CC2D6003D2B01 /* voltorb.png */ = {isa = PBXFileReference; lastKnownFileType = image.png; name = voltorb.png; path = ../../assets/img/kanto/voltorb.png; sourceTree = "<group>"; };
		40FB81761D8CC2D6003D2B01 /* vulpix.png */ = {isa = PBXFileReference; lastKnownFileType = image.png; name = vulpix.png; path = ../../assets/img/kanto/vulpix.png; sourceTree = "<group>"; };
		40FB81771D8CC2D6003D2B01 /* wartortle.png */ = {isa = PBXFileReference; lastKnownFileType = image.png; name = wartortle.png; path = ../../assets/img/kanto/wartortle.png; sourceTree = "<group>"; };
		40FB81781D8CC2D6003D2B01 /* weedle.png */ = {isa = PBXFileReference; lastKnownFileType = image.png; name = weedle.png; path = ../../assets/img/kanto/weedle.png; sourceTree = "<group>"; };
		40FB81791D8CC2D6003D2B01 /* weepinbell.png */ = {isa = PBXFileReference; lastKnownFileType = image.png; name = weepinbell.png; path = ../../assets/img/kanto/weepinbell.png; sourceTree = "<group>"; };
		40FB817A1D8CC2D6003D2B01 /* weezing.png */ = {isa = PBXFileReference; lastKnownFileType = image.png; name = weezing.png; path = ../../assets/img/kanto/weezing.png; sourceTree = "<group>"; };
		40FB817B1D8CC2D6003D2B01 /* wigglytuff.png */ = {isa = PBXFileReference; lastKnownFileType = image.png; name = wigglytuff.png; path = ../../assets/img/kanto/wigglytuff.png; sourceTree = "<group>"; };
		40FB817C1D8CC2D6003D2B01 /* zapdos.png */ = {isa = PBXFileReference; lastKnownFileType = image.png; name = zapdos.png; path = ../../assets/img/kanto/zapdos.png; sourceTree = "<group>"; };
		40FB817D1D8CC2D6003D2B01 /* zubat.png */ = {isa = PBXFileReference; lastKnownFileType = image.png; name = zubat.png; path = ../../assets/img/kanto/zubat.png; sourceTree = "<group>"; };
		40FB821B1D8CE012003D2B01 /* jsonParser.swift */ = {isa = PBXFileReference; fileEncoding = 4; lastKnownFileType = sourcecode.swift; path = jsonParser.swift; sourceTree = "<group>"; };
		40FB821F1D8CE404003D2B01 /* johto.json */ = {isa = PBXFileReference; fileEncoding = 4; lastKnownFileType = text.json; name = johto.json; path = ../../assets/json/johto.json; sourceTree = "<group>"; };
		40FB82201D8CE404003D2B01 /* kanto.json */ = {isa = PBXFileReference; fileEncoding = 4; lastKnownFileType = text.json; name = kanto.json; path = ../../assets/json/kanto.json; sourceTree = "<group>"; };
		40FB82241D8CF66D003D2B01 /* pokeCell.swift */ = {isa = PBXFileReference; fileEncoding = 4; lastKnownFileType = sourcecode.swift; path = pokeCell.swift; sourceTree = "<group>"; };
/* End PBXFileReference section */

/* Begin PBXFrameworksBuildPhase section */
		40FB80A91D8CAA82003D2B01 /* Frameworks */ = {
			isa = PBXFrameworksBuildPhase;
			buildActionMask = 2147483647;
			files = (
			);
			runOnlyForDeploymentPostprocessing = 0;
		};
		40FB80C01D8CAA83003D2B01 /* Frameworks */ = {
			isa = PBXFrameworksBuildPhase;
			buildActionMask = 2147483647;
			files = (
			);
			runOnlyForDeploymentPostprocessing = 0;
		};
		40FB80CB1D8CAA83003D2B01 /* Frameworks */ = {
			isa = PBXFrameworksBuildPhase;
			buildActionMask = 2147483647;
			files = (
			);
			runOnlyForDeploymentPostprocessing = 0;
		};
/* End PBXFrameworksBuildPhase section */

/* Begin PBXGroup section */
		40FB80A31D8CAA82003D2B01 = {
			isa = PBXGroup;
			children = (
				40FB80AE1D8CAA82003D2B01 /* Pokemon Quiz */,
				40FB80C61D8CAA83003D2B01 /* Pokemon QuizTests */,
				40FB80D11D8CAA83003D2B01 /* Pokemon QuizUITests */,
				40FB80AD1D8CAA82003D2B01 /* Products */,
			);
			sourceTree = "<group>";
		};
		40FB80AD1D8CAA82003D2B01 /* Products */ = {
			isa = PBXGroup;
			children = (
				40FB80AC1D8CAA82003D2B01 /* Pokemon Quiz.app */,
				40FB80C31D8CAA83003D2B01 /* Pokemon QuizTests.xctest */,
				40FB80CE1D8CAA83003D2B01 /* Pokemon QuizUITests.xctest */,
			);
			name = Products;
			sourceTree = "<group>";
		};
		40FB80AE1D8CAA82003D2B01 /* Pokemon Quiz */ = {
			isa = PBXGroup;
			children = (
				40FB82231D8CF651003D2B01 /* custom Cells */,
				40FB821D1D8CE39C003D2B01 /* assets */,
				40FB821A1D8CDFE7003D2B01 /* parser */,
				40FB80E21D8CC014003D2B01 /* controllers */,
				40FB80AF1D8CAA82003D2B01 /* AppDelegate.swift */,
				40FB80B31D8CAA82003D2B01 /* Main.storyboard */,
				40FB80B91D8CAA82003D2B01 /* Assets.xcassets */,
				40FB80BB1D8CAA82003D2B01 /* LaunchScreen.storyboard */,
				40FB80BE1D8CAA82003D2B01 /* Info.plist */,
				40FB80B61D8CAA82003D2B01 /* Pokemon_Quiz.xcdatamodeld */,
			);
			path = "Pokemon Quiz";
			sourceTree = "<group>";
		};
		40FB80C61D8CAA83003D2B01 /* Pokemon QuizTests */ = {
			isa = PBXGroup;
			children = (
				40FB80C71D8CAA83003D2B01 /* Pokemon_QuizTests.swift */,
				40FB80C91D8CAA83003D2B01 /* Info.plist */,
			);
			path = "Pokemon QuizTests";
			sourceTree = "<group>";
		};
		40FB80D11D8CAA83003D2B01 /* Pokemon QuizUITests */ = {
			isa = PBXGroup;
			children = (
				40FB80D21D8CAA83003D2B01 /* Pokemon_QuizUITests.swift */,
				40FB80D41D8CAA83003D2B01 /* Info.plist */,
			);
			path = "Pokemon QuizUITests";
			sourceTree = "<group>";
		};
		40FB80E21D8CC014003D2B01 /* controllers */ = {
			isa = PBXGroup;
			children = (
				40FB80B11D8CAA82003D2B01 /* ViewController.swift */,
				40FB80E01D8CC00A003D2B01 /* quizzoController.swift */,
			);
			name = controllers;
			sourceTree = "<group>";
		};
		40FB80E31D8CC23A003D2B01 /* img */ = {
			isa = PBXGroup;
			children = (
				40FB80E41D8CC2B2003D2B01 /* kanto */,
			);
			name = img;
			sourceTree = "<group>";
		};
		40FB80E41D8CC2B2003D2B01 /* kanto */ = {
			isa = PBXGroup;
			children = (
				40FB80E51D8CC2D5003D2B01 /* abra.png */,
				40FB80E61D8CC2D5003D2B01 /* aerodactyl.png */,
				40FB80E71D8CC2D5003D2B01 /* alakazam.png */,
				40FB80E81D8CC2D5003D2B01 /* arbok.png */,
				40FB80E91D8CC2D5003D2B01 /* arcanine.png */,
				40FB80EA1D8CC2D5003D2B01 /* articuno.png */,
				40FB80EB1D8CC2D5003D2B01 /* beedrill.png */,
				40FB80EC1D8CC2D5003D2B01 /* bellsprout.png */,
				40FB80ED1D8CC2D5003D2B01 /* blastoise.png */,
				40FB80EE1D8CC2D5003D2B01 /* bulbasaur.png */,
				40FB80EF1D8CC2D5003D2B01 /* butterfree.png */,
				40FB80F01D8CC2D5003D2B01 /* caterpie.png */,
				40FB80F11D8CC2D5003D2B01 /* chansey.png */,
				40FB80F21D8CC2D5003D2B01 /* charizard.png */,
				40FB80F31D8CC2D5003D2B01 /* charmander.png */,
				40FB80F41D8CC2D5003D2B01 /* charmeleon.png */,
				40FB80F51D8CC2D5003D2B01 /* clefable.png */,
				40FB80F61D8CC2D5003D2B01 /* clefairy.png */,
				40FB80F71D8CC2D5003D2B01 /* cloyster.png */,
				40FB80F81D8CC2D5003D2B01 /* cubone.png */,
				40FB80F91D8CC2D5003D2B01 /* dewgong.png */,
				40FB80FA1D8CC2D5003D2B01 /* diglett.png */,
				40FB80FB1D8CC2D5003D2B01 /* ditto.png */,
				40FB80FC1D8CC2D5003D2B01 /* dodrio.png */,
				40FB80FD1D8CC2D5003D2B01 /* doduo.png */,
				40FB80FE1D8CC2D5003D2B01 /* dragonair.png */,
				40FB80FF1D8CC2D5003D2B01 /* dragonite.png */,
				40FB81001D8CC2D5003D2B01 /* dratini.png */,
				40FB81011D8CC2D5003D2B01 /* drowzee.png */,
				40FB81021D8CC2D5003D2B01 /* dugtrio.png */,
				40FB81031D8CC2D5003D2B01 /* eevee.png */,
				40FB81041D8CC2D5003D2B01 /* ekans.png */,
				40FB81051D8CC2D5003D2B01 /* electabuzz.png */,
				40FB81061D8CC2D5003D2B01 /* electrode.png */,
				40FB81071D8CC2D5003D2B01 /* exeggcute.png */,
				40FB81081D8CC2D5003D2B01 /* exeggutor.png */,
				40FB81091D8CC2D5003D2B01 /* farfetchd.png */,
				40FB810A1D8CC2D5003D2B01 /* fearow.png */,
				40FB810B1D8CC2D5003D2B01 /* flareon.png */,
				40FB810C1D8CC2D5003D2B01 /* gastly.png */,
				40FB810D1D8CC2D5003D2B01 /* gengar.png */,
				40FB810E1D8CC2D5003D2B01 /* geodude.png */,
				40FB810F1D8CC2D5003D2B01 /* gloom.png */,
				40FB81101D8CC2D5003D2B01 /* golbat.png */,
				40FB81111D8CC2D5003D2B01 /* goldeen.png */,
				40FB81121D8CC2D5003D2B01 /* golduck.png */,
				40FB81131D8CC2D5003D2B01 /* golem.png */,
				40FB81141D8CC2D5003D2B01 /* graveler.png */,
				40FB81151D8CC2D5003D2B01 /* grimer.png */,
				40FB81161D8CC2D5003D2B01 /* growlithe.png */,
				40FB81171D8CC2D5003D2B01 /* gyarados.png */,
				40FB81181D8CC2D5003D2B01 /* haunter.png */,
				40FB81191D8CC2D5003D2B01 /* hitmonchan.png */,
				40FB811A1D8CC2D5003D2B01 /* hitmonlee.png */,
				40FB811B1D8CC2D5003D2B01 /* horsea.png */,
				40FB811C1D8CC2D5003D2B01 /* hypno.png */,
				40FB811D1D8CC2D5003D2B01 /* ivysaur.png */,
				40FB811E1D8CC2D5003D2B01 /* jigglypuff.png */,
				40FB811F1D8CC2D5003D2B01 /* jolteon.png */,
				40FB81201D8CC2D5003D2B01 /* jynx.png */,
				40FB81211D8CC2D5003D2B01 /* kabuto.png */,
				40FB81221D8CC2D5003D2B01 /* kabutops.png */,
				40FB81231D8CC2D5003D2B01 /* kadabra.png */,
				40FB81241D8CC2D5003D2B01 /* kakuna.png */,
				40FB81251D8CC2D5003D2B01 /* kangaskhan.png */,
				40FB81261D8CC2D5003D2B01 /* kingler.png */,
				40FB81271D8CC2D5003D2B01 /* koffing.png */,
				40FB81281D8CC2D5003D2B01 /* krabby.png */,
				40FB81291D8CC2D5003D2B01 /* lapras.png */,
				40FB812A1D8CC2D5003D2B01 /* lickitung.png */,
				40FB812B1D8CC2D5003D2B01 /* machamp.png */,
				40FB812C1D8CC2D5003D2B01 /* machoke.png */,
				40FB812D1D8CC2D5003D2B01 /* machop.png */,
				40FB812E1D8CC2D5003D2B01 /* magikarp.png */,
				40FB812F1D8CC2D5003D2B01 /* magmar.png */,
				40FB81301D8CC2D5003D2B01 /* magnemite.png */,
				40FB81311D8CC2D5003D2B01 /* magneton.png */,
				40FB81321D8CC2D5003D2B01 /* mankey.png */,
				40FB81331D8CC2D5003D2B01 /* marowak.png */,
				40FB81341D8CC2D5003D2B01 /* meowth.png */,
				40FB81351D8CC2D5003D2B01 /* metapod.png */,
				40FB81361D8CC2D5003D2B01 /* mew.png */,
				40FB81371D8CC2D5003D2B01 /* mewtwo.png */,
				40FB81381D8CC2D5003D2B01 /* moltres.png */,
				40FB81391D8CC2D5003D2B01 /* mr mime.png */,
				40FB813A1D8CC2D5003D2B01 /* mr. mime.png */,
				40FB813B1D8CC2D5003D2B01 /* mrmime.png */,
				40FB813C1D8CC2D5003D2B01 /* muk.png */,
				40FB813D1D8CC2D5003D2B01 /* nidoking.png */,
				40FB813E1D8CC2D5003D2B01 /* nidoqueen.png */,
				40FB813F1D8CC2D5003D2B01 /* nidoranf.png */,
				40FB81401D8CC2D5003D2B01 /* nidoranm.png */,
				40FB81411D8CC2D5003D2B01 /* nidorina.png */,
				40FB81421D8CC2D5003D2B01 /* nidorino.png */,
				40FB81431D8CC2D5003D2B01 /* ninetales.png */,
				40FB81441D8CC2D5003D2B01 /* oddish.png */,
				40FB81451D8CC2D5003D2B01 /* omanyte.png */,
				40FB81461D8CC2D5003D2B01 /* omastar.png */,
				40FB81471D8CC2D5003D2B01 /* onix.png */,
				40FB81481D8CC2D5003D2B01 /* paras.png */,
				40FB81491D8CC2D5003D2B01 /* parasect.png */,
				40FB814A1D8CC2D5003D2B01 /* persian.png */,
				40FB814B1D8CC2D5003D2B01 /* pidgeot.png */,
				40FB814C1D8CC2D6003D2B01 /* pidgeotto.png */,
				40FB814D1D8CC2D6003D2B01 /* pidgey.png */,
				40FB814E1D8CC2D6003D2B01 /* pikachu.png */,
				40FB814F1D8CC2D6003D2B01 /* pinsir.png */,
				40FB81501D8CC2D6003D2B01 /* poliwag.png */,
				40FB81511D8CC2D6003D2B01 /* poliwhirl.png */,
				40FB81521D8CC2D6003D2B01 /* poliwrath.png */,
				40FB81531D8CC2D6003D2B01 /* ponyta.png */,
				40FB81541D8CC2D6003D2B01 /* porygon.png */,
				40FB81551D8CC2D6003D2B01 /* primeape.png */,
				40FB81561D8CC2D6003D2B01 /* psyduck.png */,
				40FB81571D8CC2D6003D2B01 /* raichu.png */,
				40FB81581D8CC2D6003D2B01 /* rapidash.png */,
				40FB81591D8CC2D6003D2B01 /* raticate.png */,
				40FB815A1D8CC2D6003D2B01 /* rattata.png */,
				40FB815B1D8CC2D6003D2B01 /* rhydon.png */,
				40FB815C1D8CC2D6003D2B01 /* rhyhorn.png */,
				40FB815D1D8CC2D6003D2B01 /* sandshrew.png */,
				40FB815E1D8CC2D6003D2B01 /* sandslash.png */,
				40FB815F1D8CC2D6003D2B01 /* scyther.png */,
				40FB81601D8CC2D6003D2B01 /* seadra.png */,
				40FB81611D8CC2D6003D2B01 /* seaking.png */,
				40FB81621D8CC2D6003D2B01 /* seel.png */,
				40FB81631D8CC2D6003D2B01 /* shellder.png */,
				40FB81641D8CC2D6003D2B01 /* slowbro.png */,
				40FB81651D8CC2D6003D2B01 /* slowpoke.png */,
				40FB81661D8CC2D6003D2B01 /* snorlax.png */,
				40FB81671D8CC2D6003D2B01 /* spearow.png */,
				40FB81681D8CC2D6003D2B01 /* squirtle.png */,
				40FB81691D8CC2D6003D2B01 /* starmie.png */,
				40FB816A1D8CC2D6003D2B01 /* staryu.png */,
				40FB816B1D8CC2D6003D2B01 /* tangela.png */,
				40FB816C1D8CC2D6003D2B01 /* tauros.png */,
				40FB816D1D8CC2D6003D2B01 /* tentacool.png */,
				40FB816E1D8CC2D6003D2B01 /* tentacruel.png */,
				40FB816F1D8CC2D6003D2B01 /* vaporeon.png */,
				40FB81701D8CC2D6003D2B01 /* venomoth.png */,
				40FB81711D8CC2D6003D2B01 /* venonat.png */,
				40FB81721D8CC2D6003D2B01 /* venusaur.png */,
				40FB81731D8CC2D6003D2B01 /* victreebel.png */,
				40FB81741D8CC2D6003D2B01 /* vileplume.png */,
				40FB81751D8CC2D6003D2B01 /* voltorb.png */,
				40FB81761D8CC2D6003D2B01 /* vulpix.png */,
				40FB81771D8CC2D6003D2B01 /* wartortle.png */,
				40FB81781D8CC2D6003D2B01 /* weedle.png */,
				40FB81791D8CC2D6003D2B01 /* weepinbell.png */,
				40FB817A1D8CC2D6003D2B01 /* weezing.png */,
				40FB817B1D8CC2D6003D2B01 /* wigglytuff.png */,
				40FB817C1D8CC2D6003D2B01 /* zapdos.png */,
				40FB817D1D8CC2D6003D2B01 /* zubat.png */,
			);
			name = kanto;
			sourceTree = "<group>";
		};
		40FB821A1D8CDFE7003D2B01 /* parser */ = {
			isa = PBXGroup;
			children = (
				40FB821B1D8CE012003D2B01 /* jsonParser.swift */,
			);
			name = parser;
			sourceTree = "<group>";
		};
		40FB821D1D8CE39C003D2B01 /* assets */ = {
			isa = PBXGroup;
			children = (
				40FB821E1D8CE3AF003D2B01 /* json */,
				40FB80E31D8CC23A003D2B01 /* img */,
			);
			name = assets;
			sourceTree = "<group>";
		};
		40FB821E1D8CE3AF003D2B01 /* json */ = {
			isa = PBXGroup;
			children = (
				40FB821F1D8CE404003D2B01 /* johto.json */,
				40FB82201D8CE404003D2B01 /* kanto.json */,
			);
			name = json;
			sourceTree = "<group>";
		};
		40FB82231D8CF651003D2B01 /* custom Cells */ = {
			isa = PBXGroup;
			children = (
				40FB82241D8CF66D003D2B01 /* pokeCell.swift */,
			);
			name = "custom Cells";
			sourceTree = "<group>";
		};
/* End PBXGroup section */

/* Begin PBXNativeTarget section */
		40FB80AB1D8CAA82003D2B01 /* Pokemon Quiz */ = {
			isa = PBXNativeTarget;
			buildConfigurationList = 40FB80D71D8CAA83003D2B01 /* Build configuration list for PBXNativeTarget "Pokemon Quiz" */;
			buildPhases = (
				40FB80A81D8CAA82003D2B01 /* Sources */,
				40FB80A91D8CAA82003D2B01 /* Frameworks */,
				40FB80AA1D8CAA82003D2B01 /* Resources */,
			);
			buildRules = (
			);
			dependencies = (
			);
			name = "Pokemon Quiz";
			productName = "Pokemon Quiz";
			productReference = 40FB80AC1D8CAA82003D2B01 /* Pokemon Quiz.app */;
			productType = "com.apple.product-type.application";
		};
		40FB80C21D8CAA83003D2B01 /* Pokemon QuizTests */ = {
			isa = PBXNativeTarget;
			buildConfigurationList = 40FB80DA1D8CAA83003D2B01 /* Build configuration list for PBXNativeTarget "Pokemon QuizTests" */;
			buildPhases = (
				40FB80BF1D8CAA83003D2B01 /* Sources */,
				40FB80C01D8CAA83003D2B01 /* Frameworks */,
				40FB80C11D8CAA83003D2B01 /* Resources */,
			);
			buildRules = (
			);
			dependencies = (
				40FB80C51D8CAA83003D2B01 /* PBXTargetDependency */,
			);
			name = "Pokemon QuizTests";
			productName = "Pokemon QuizTests";
			productReference = 40FB80C31D8CAA83003D2B01 /* Pokemon QuizTests.xctest */;
			productType = "com.apple.product-type.bundle.unit-test";
		};
		40FB80CD1D8CAA83003D2B01 /* Pokemon QuizUITests */ = {
			isa = PBXNativeTarget;
			buildConfigurationList = 40FB80DD1D8CAA83003D2B01 /* Build configuration list for PBXNativeTarget "Pokemon QuizUITests" */;
			buildPhases = (
				40FB80CA1D8CAA83003D2B01 /* Sources */,
				40FB80CB1D8CAA83003D2B01 /* Frameworks */,
				40FB80CC1D8CAA83003D2B01 /* Resources */,
			);
			buildRules = (
			);
			dependencies = (
				40FB80D01D8CAA83003D2B01 /* PBXTargetDependency */,
			);
			name = "Pokemon QuizUITests";
			productName = "Pokemon QuizUITests";
			productReference = 40FB80CE1D8CAA83003D2B01 /* Pokemon QuizUITests.xctest */;
			productType = "com.apple.product-type.bundle.ui-testing";
		};
/* End PBXNativeTarget section */

/* Begin PBXProject section */
		40FB80A41D8CAA82003D2B01 /* Project object */ = {
			isa = PBXProject;
			attributes = {
				LastSwiftUpdateCheck = 0730;
				LastUpgradeCheck = 0730;
				ORGANIZATIONNAME = "Superior Tech";
				TargetAttributes = {
					40FB80AB1D8CAA82003D2B01 = {
						CreatedOnToolsVersion = 7.3;
					};
					40FB80C21D8CAA83003D2B01 = {
						CreatedOnToolsVersion = 7.3;
						TestTargetID = 40FB80AB1D8CAA82003D2B01;
					};
					40FB80CD1D8CAA83003D2B01 = {
						CreatedOnToolsVersion = 7.3;
						TestTargetID = 40FB80AB1D8CAA82003D2B01;
					};
				};
			};
			buildConfigurationList = 40FB80A71D8CAA82003D2B01 /* Build configuration list for PBXProject "Pokemon Quiz" */;
			compatibilityVersion = "Xcode 3.2";
			developmentRegion = English;
			hasScannedForEncodings = 0;
			knownRegions = (
				en,
				Base,
			);
			mainGroup = 40FB80A31D8CAA82003D2B01;
			productRefGroup = 40FB80AD1D8CAA82003D2B01 /* Products */;
			projectDirPath = "";
			projectRoot = "";
			targets = (
				40FB80AB1D8CAA82003D2B01 /* Pokemon Quiz */,
				40FB80C21D8CAA83003D2B01 /* Pokemon QuizTests */,
				40FB80CD1D8CAA83003D2B01 /* Pokemon QuizUITests */,
			);
		};
/* End PBXProject section */

/* Begin PBXResourcesBuildPhase section */
		40FB80AA1D8CAA82003D2B01 /* Resources */ = {
			isa = PBXResourcesBuildPhase;
			buildActionMask = 2147483647;
			files = (
				40FB81841D8CC2D6003D2B01 /* beedrill.png in Resources */,
				40FB81981D8CC2D6003D2B01 /* dragonite.png in Resources */,
				40FB81971D8CC2D6003D2B01 /* dragonair.png in Resources */,
				40FB81BA1D8CC2D6003D2B01 /* kabuto.png in Resources */,
				40FB81F71D8CC2D6003D2B01 /* sandslash.png in Resources */,
				40FB81D71D8CC2D6003D2B01 /* nidoqueen.png in Resources */,
				40FB81ED1D8CC2D6003D2B01 /* porygon.png in Resources */,
				40FB82221D8CE404003D2B01 /* kanto.json in Resources */,
				40FB81F11D8CC2D6003D2B01 /* rapidash.png in Resources */,
				40FB81C31D8CC2D6003D2B01 /* lickitung.png in Resources */,
				40FB81C41D8CC2D6003D2B01 /* machamp.png in Resources */,
				40FB81A11D8CC2D6003D2B01 /* exeggutor.png in Resources */,
				40FB81821D8CC2D6003D2B01 /* arcanine.png in Resources */,
				40FB81F61D8CC2D6003D2B01 /* sandshrew.png in Resources */,
				40FB81B31D8CC2D6003D2B01 /* hitmonlee.png in Resources */,
				40FB82031D8CC2D6003D2B01 /* staryu.png in Resources */,
				40FB81851D8CC2D6003D2B01 /* bellsprout.png in Resources */,
				40FB81C21D8CC2D6003D2B01 /* lapras.png in Resources */,
				40FB82131D8CC2D6003D2B01 /* weezing.png in Resources */,
				40FB81A01D8CC2D6003D2B01 /* exeggcute.png in Resources */,
				40FB81F91D8CC2D6003D2B01 /* seadra.png in Resources */,
				40FB81EE1D8CC2D6003D2B01 /* primeape.png in Resources */,
				40FB81881D8CC2D6003D2B01 /* butterfree.png in Resources */,
				40FB81DB1D8CC2D6003D2B01 /* nidorino.png in Resources */,
				40FB81E51D8CC2D6003D2B01 /* pidgeotto.png in Resources */,
				40FB81CD1D8CC2D6003D2B01 /* meowth.png in Resources */,
				40FB81F21D8CC2D6003D2B01 /* raticate.png in Resources */,
				40FB81CF1D8CC2D6003D2B01 /* mew.png in Resources */,
				40FB818C1D8CC2D6003D2B01 /* charmander.png in Resources */,
				40FB818E1D8CC2D6003D2B01 /* clefable.png in Resources */,
				40FB81D91D8CC2D6003D2B01 /* nidoranm.png in Resources */,
				40FB81D81D8CC2D6003D2B01 /* nidoranf.png in Resources */,
				40FB81E91D8CC2D6003D2B01 /* poliwag.png in Resources */,
				40FB819B1D8CC2D6003D2B01 /* dugtrio.png in Resources */,
				40FB80BD1D8CAA82003D2B01 /* LaunchScreen.storyboard in Resources */,
				40FB81B61D8CC2D6003D2B01 /* ivysaur.png in Resources */,
				40FB81CC1D8CC2D6003D2B01 /* marowak.png in Resources */,
				40FB81F31D8CC2D6003D2B01 /* rattata.png in Resources */,
				40FB81961D8CC2D6003D2B01 /* doduo.png in Resources */,
				40FB81A51D8CC2D6003D2B01 /* gastly.png in Resources */,
				40FB81931D8CC2D6003D2B01 /* diglett.png in Resources */,
				40FB81C61D8CC2D6003D2B01 /* machop.png in Resources */,
				40FB82041D8CC2D6003D2B01 /* tangela.png in Resources */,
				40FB81DC1D8CC2D6003D2B01 /* ninetales.png in Resources */,
				40FB81E31D8CC2D6003D2B01 /* persian.png in Resources */,
				40FB82071D8CC2D6003D2B01 /* tentacruel.png in Resources */,
				40FB81941D8CC2D6003D2B01 /* ditto.png in Resources */,
				40FB81D61D8CC2D6003D2B01 /* nidoking.png in Resources */,
				40FB82001D8CC2D6003D2B01 /* spearow.png in Resources */,
				40FB818B1D8CC2D6003D2B01 /* charizard.png in Resources */,
				40FB81A91D8CC2D6003D2B01 /* golbat.png in Resources */,
				40FB820F1D8CC2D6003D2B01 /* vulpix.png in Resources */,
				40FB81D51D8CC2D6003D2B01 /* muk.png in Resources */,
				40FB81B21D8CC2D6003D2B01 /* hitmonchan.png in Resources */,
				40FB81DD1D8CC2D6003D2B01 /* oddish.png in Resources */,
				40FB81D21D8CC2D6003D2B01 /* mr mime.png in Resources */,
				40FB819E1D8CC2D6003D2B01 /* electabuzz.png in Resources */,
				40FB81B71D8CC2D6003D2B01 /* jigglypuff.png in Resources */,
				40FB81D11D8CC2D6003D2B01 /* moltres.png in Resources */,
				40FB820C1D8CC2D6003D2B01 /* victreebel.png in Resources */,
				40FB81FD1D8CC2D6003D2B01 /* slowbro.png in Resources */,
				40FB82091D8CC2D6003D2B01 /* venomoth.png in Resources */,
				40FB81E11D8CC2D6003D2B01 /* paras.png in Resources */,
				40FB820D1D8CC2D6003D2B01 /* vileplume.png in Resources */,
				40FB81831D8CC2D6003D2B01 /* articuno.png in Resources */,
				40FB81FC1D8CC2D6003D2B01 /* shellder.png in Resources */,
				40FB81DF1D8CC2D6003D2B01 /* omastar.png in Resources */,
				40FB81AF1D8CC2D6003D2B01 /* growlithe.png in Resources */,
				40FB81E61D8CC2D6003D2B01 /* pidgey.png in Resources */,
				40FB81921D8CC2D6003D2B01 /* dewgong.png in Resources */,
				40FB819F1D8CC2D6003D2B01 /* electrode.png in Resources */,
				40FB82111D8CC2D6003D2B01 /* weedle.png in Resources */,
				40FB81F81D8CC2D6003D2B01 /* scyther.png in Resources */,
				40FB81C01D8CC2D6003D2B01 /* koffing.png in Resources */,
				40FB81BE1D8CC2D6003D2B01 /* kangaskhan.png in Resources */,
				40FB820B1D8CC2D6003D2B01 /* venusaur.png in Resources */,
				40FB81A61D8CC2D6003D2B01 /* gengar.png in Resources */,
				40FB817E1D8CC2D6003D2B01 /* abra.png in Resources */,
				40FB80BA1D8CAA82003D2B01 /* Assets.xcassets in Resources */,
				40FB82051D8CC2D6003D2B01 /* tauros.png in Resources */,
				40FB81951D8CC2D6003D2B01 /* dodrio.png in Resources */,
				40FB81A41D8CC2D6003D2B01 /* flareon.png in Resources */,
				40FB81A81D8CC2D6003D2B01 /* gloom.png in Resources */,
				40FB82101D8CC2D6003D2B01 /* wartortle.png in Resources */,
				40FB82141D8CC2D6003D2B01 /* wigglytuff.png in Resources */,
				40FB81BC1D8CC2D6003D2B01 /* kadabra.png in Resources */,
				40FB81C11D8CC2D6003D2B01 /* krabby.png in Resources */,
				40FB81AA1D8CC2D6003D2B01 /* goldeen.png in Resources */,
				40FB81EC1D8CC2D6003D2B01 /* ponyta.png in Resources */,
				40FB82211D8CE404003D2B01 /* johto.json in Resources */,
				40FB81991D8CC2D6003D2B01 /* dratini.png in Resources */,
				40FB81811D8CC2D6003D2B01 /* arbok.png in Resources */,
				40FB81901D8CC2D6003D2B01 /* cloyster.png in Resources */,
				40FB820E1D8CC2D6003D2B01 /* voltorb.png in Resources */,
				40FB82151D8CC2D6003D2B01 /* zapdos.png in Resources */,
				40FB81B01D8CC2D6003D2B01 /* gyarados.png in Resources */,
				40FB82161D8CC2D6003D2B01 /* zubat.png in Resources */,
				40FB81BB1D8CC2D6003D2B01 /* kabutops.png in Resources */,
				40FB81FE1D8CC2D6003D2B01 /* slowpoke.png in Resources */,
				40FB81AD1D8CC2D6003D2B01 /* graveler.png in Resources */,
				40FB818A1D8CC2D6003D2B01 /* chansey.png in Resources */,
				40FB81F41D8CC2D6003D2B01 /* rhydon.png in Resources */,
				40FB81BF1D8CC2D6003D2B01 /* kingler.png in Resources */,
				40FB81E71D8CC2D6003D2B01 /* pikachu.png in Resources */,
				40FB81E21D8CC2D6003D2B01 /* parasect.png in Resources */,
				40FB81A31D8CC2D6003D2B01 /* fearow.png in Resources */,
				40FB81B81D8CC2D6003D2B01 /* jolteon.png in Resources */,
				40FB81EA1D8CC2D6003D2B01 /* poliwhirl.png in Resources */,
				40FB81AE1D8CC2D6003D2B01 /* grimer.png in Resources */,
				40FB81AC1D8CC2D6003D2B01 /* golem.png in Resources */,
				40FB81911D8CC2D6003D2B01 /* cubone.png in Resources */,
				40FB81BD1D8CC2D6003D2B01 /* kakuna.png in Resources */,
				40FB81A71D8CC2D6003D2B01 /* geodude.png in Resources */,
				40FB81C81D8CC2D6003D2B01 /* magmar.png in Resources */,
				40FB819D1D8CC2D6003D2B01 /* ekans.png in Resources */,
				40FB82081D8CC2D6003D2B01 /* vaporeon.png in Resources */,
				40FB81B91D8CC2D6003D2B01 /* jynx.png in Resources */,
				40FB81C91D8CC2D6003D2B01 /* magnemite.png in Resources */,
				40FB81CE1D8CC2D6003D2B01 /* metapod.png in Resources */,
				40FB81FA1D8CC2D6003D2B01 /* seaking.png in Resources */,
				40FB82011D8CC2D6003D2B01 /* squirtle.png in Resources */,
				40FB82061D8CC2D6003D2B01 /* tentacool.png in Resources */,
				40FB81E01D8CC2D6003D2B01 /* onix.png in Resources */,
				40FB819C1D8CC2D6003D2B01 /* eevee.png in Resources */,
				40FB81C51D8CC2D6003D2B01 /* machoke.png in Resources */,
				40FB81B51D8CC2D6003D2B01 /* hypno.png in Resources */,
				40FB81DE1D8CC2D6003D2B01 /* omanyte.png in Resources */,
				40FB82021D8CC2D6003D2B01 /* starmie.png in Resources */,
				40FB817F1D8CC2D6003D2B01 /* aerodactyl.png in Resources */,
				40FB81E41D8CC2D6003D2B01 /* pidgeot.png in Resources */,
				40FB81FB1D8CC2D6003D2B01 /* seel.png in Resources */,
				40FB81A21D8CC2D6003D2B01 /* farfetchd.png in Resources */,
				40FB80B51D8CAA82003D2B01 /* Main.storyboard in Resources */,
				40FB81D01D8CC2D6003D2B01 /* mewtwo.png in Resources */,
				40FB81891D8CC2D6003D2B01 /* caterpie.png in Resources */,
				40FB81B11D8CC2D6003D2B01 /* haunter.png in Resources */,
				40FB81CB1D8CC2D6003D2B01 /* mankey.png in Resources */,
				40FB81DA1D8CC2D6003D2B01 /* nidorina.png in Resources */,
				40FB81EF1D8CC2D6003D2B01 /* psyduck.png in Resources */,
				40FB81D41D8CC2D6003D2B01 /* mrmime.png in Resources */,
				40FB81D31D8CC2D6003D2B01 /* mr. mime.png in Resources */,
				40FB81AB1D8CC2D6003D2B01 /* golduck.png in Resources */,
				40FB81C71D8CC2D6003D2B01 /* magikarp.png in Resources */,
				40FB81FF1D8CC2D6003D2B01 /* snorlax.png in Resources */,
				40FB81CA1D8CC2D6003D2B01 /* magneton.png in Resources */,
				40FB81861D8CC2D6003D2B01 /* blastoise.png in Resources */,
				40FB81801D8CC2D6003D2B01 /* alakazam.png in Resources */,
				40FB81F51D8CC2D6003D2B01 /* rhyhorn.png in Resources */,
				40FB81E81D8CC2D6003D2B01 /* pinsir.png in Resources */,
				40FB81B41D8CC2D6003D2B01 /* horsea.png in Resources */,
				40FB82121D8CC2D6003D2B01 /* weepinbell.png in Resources */,
				40FB820A1D8CC2D6003D2B01 /* venonat.png in Resources */,
				40FB81EB1D8CC2D6003D2B01 /* poliwrath.png in Resources */,
				40FB81871D8CC2D6003D2B01 /* bulbasaur.png in Resources */,
				40FB818D1D8CC2D6003D2B01 /* charmeleon.png in Resources */,
				40FB81F01D8CC2D6003D2B01 /* raichu.png in Resources */,
				40FB819A1D8CC2D6003D2B01 /* drowzee.png in Resources */,
				40FB818F1D8CC2D6003D2B01 /* clefairy.png in Resources */,
			);
			runOnlyForDeploymentPostprocessing = 0;
		};
		40FB80C11D8CAA83003D2B01 /* Resources */ = {
			isa = PBXResourcesBuildPhase;
			buildActionMask = 2147483647;
			files = (
			);
			runOnlyForDeploymentPostprocessing = 0;
		};
		40FB80CC1D8CAA83003D2B01 /* Resources */ = {
			isa = PBXResourcesBuildPhase;
			buildActionMask = 2147483647;
			files = (
			);
			runOnlyForDeploymentPostprocessing = 0;
		};
/* End PBXResourcesBuildPhase section */

/* Begin PBXSourcesBuildPhase section */
		40FB80A81D8CAA82003D2B01 /* Sources */ = {
			isa = PBXSourcesBuildPhase;
			buildActionMask = 2147483647;
			files = (
				40FB80B81D8CAA82003D2B01 /* Pokemon_Quiz.xcdatamodeld in Sources */,
				40FB821C1D8CE012003D2B01 /* jsonParser.swift in Sources */,
				40FB82251D8CF66D003D2B01 /* pokeCell.swift in Sources */,
				40FB80B21D8CAA82003D2B01 /* ViewController.swift in Sources */,
				40FB80B01D8CAA82003D2B01 /* AppDelegate.swift in Sources */,
				40FB80E11D8CC00A003D2B01 /* quizzoController.swift in Sources */,
			);
			runOnlyForDeploymentPostprocessing = 0;
		};
		40FB80BF1D8CAA83003D2B01 /* Sources */ = {
			isa = PBXSourcesBuildPhase;
			buildActionMask = 2147483647;
			files = (
				40FB80C81D8CAA83003D2B01 /* Pokemon_QuizTests.swift in Sources */,
			);
			runOnlyForDeploymentPostprocessing = 0;
		};
		40FB80CA1D8CAA83003D2B01 /* Sources */ = {
			isa = PBXSourcesBuildPhase;
			buildActionMask = 2147483647;
			files = (
				40FB80D31D8CAA83003D2B01 /* Pokemon_QuizUITests.swift in Sources */,
			);
			runOnlyForDeploymentPostprocessing = 0;
		};
/* End PBXSourcesBuildPhase section */

/* Begin PBXTargetDependency section */
		40FB80C51D8CAA83003D2B01 /* PBXTargetDependency */ = {
			isa = PBXTargetDependency;
			target = 40FB80AB1D8CAA82003D2B01 /* Pokemon Quiz */;
			targetProxy = 40FB80C41D8CAA83003D2B01 /* PBXContainerItemProxy */;
		};
		40FB80D01D8CAA83003D2B01 /* PBXTargetDependency */ = {
			isa = PBXTargetDependency;
			target = 40FB80AB1D8CAA82003D2B01 /* Pokemon Quiz */;
			targetProxy = 40FB80CF1D8CAA83003D2B01 /* PBXContainerItemProxy */;
		};
/* End PBXTargetDependency section */

/* Begin PBXVariantGroup section */
		40FB80B31D8CAA82003D2B01 /* Main.storyboard */ = {
			isa = PBXVariantGroup;
			children = (
				40FB80B41D8CAA82003D2B01 /* Base */,
			);
			name = Main.storyboard;
			sourceTree = "<group>";
		};
		40FB80BB1D8CAA82003D2B01 /* LaunchScreen.storyboard */ = {
			isa = PBXVariantGroup;
			children = (
				40FB80BC1D8CAA82003D2B01 /* Base */,
			);
			name = LaunchScreen.storyboard;
			sourceTree = "<group>";
		};
/* End PBXVariantGroup section */

/* Begin XCBuildConfiguration section */
		40FB80D51D8CAA83003D2B01 /* Debug */ = {
			isa = XCBuildConfiguration;
			buildSettings = {
				ALWAYS_SEARCH_USER_PATHS = NO;
				CLANG_ANALYZER_NONNULL = YES;
				CLANG_CXX_LANGUAGE_STANDARD = "gnu++0x";
				CLANG_CXX_LIBRARY = "libc++";
				CLANG_ENABLE_MODULES = YES;
				CLANG_ENABLE_OBJC_ARC = YES;
				CLANG_WARN_BOOL_CONVERSION = YES;
				CLANG_WARN_CONSTANT_CONVERSION = YES;
				CLANG_WARN_DIRECT_OBJC_ISA_USAGE = YES_ERROR;
				CLANG_WARN_EMPTY_BODY = YES;
				CLANG_WARN_ENUM_CONVERSION = YES;
				CLANG_WARN_INT_CONVERSION = YES;
				CLANG_WARN_OBJC_ROOT_CLASS = YES_ERROR;
				CLANG_WARN_UNREACHABLE_CODE = YES;
				CLANG_WARN__DUPLICATE_METHOD_MATCH = YES;
				"CODE_SIGN_IDENTITY[sdk=iphoneos*]" = "iPhone Developer";
				COPY_PHASE_STRIP = NO;
				DEBUG_INFORMATION_FORMAT = dwarf;
				ENABLE_STRICT_OBJC_MSGSEND = YES;
				ENABLE_TESTABILITY = YES;
				GCC_C_LANGUAGE_STANDARD = gnu99;
				GCC_DYNAMIC_NO_PIC = NO;
				GCC_NO_COMMON_BLOCKS = YES;
				GCC_OPTIMIZATION_LEVEL = 0;
				GCC_PREPROCESSOR_DEFINITIONS = (
					"DEBUG=1",
					"$(inherited)",
				);
				GCC_WARN_64_TO_32_BIT_CONVERSION = YES;
				GCC_WARN_ABOUT_RETURN_TYPE = YES_ERROR;
				GCC_WARN_UNDECLARED_SELECTOR = YES;
				GCC_WARN_UNINITIALIZED_AUTOS = YES_AGGRESSIVE;
				GCC_WARN_UNUSED_FUNCTION = YES;
				GCC_WARN_UNUSED_VARIABLE = YES;
				IPHONEOS_DEPLOYMENT_TARGET = 9.3;
				MTL_ENABLE_DEBUG_INFO = YES;
				ONLY_ACTIVE_ARCH = YES;
				SDKROOT = iphoneos;
				SWIFT_OPTIMIZATION_LEVEL = "-Onone";
			};
			name = Debug;
		};
		40FB80D61D8CAA83003D2B01 /* Release */ = {
			isa = XCBuildConfiguration;
			buildSettings = {
				ALWAYS_SEARCH_USER_PATHS = NO;
				CLANG_ANALYZER_NONNULL = YES;
				CLANG_CXX_LANGUAGE_STANDARD = "gnu++0x";
				CLANG_CXX_LIBRARY = "libc++";
				CLANG_ENABLE_MODULES = YES;
				CLANG_ENABLE_OBJC_ARC = YES;
				CLANG_WARN_BOOL_CONVERSION = YES;
				CLANG_WARN_CONSTANT_CONVERSION = YES;
				CLANG_WARN_DIRECT_OBJC_ISA_USAGE = YES_ERROR;
				CLANG_WARN_EMPTY_BODY = YES;
				CLANG_WARN_ENUM_CONVERSION = YES;
				CLANG_WARN_INT_CONVERSION = YES;
				CLANG_WARN_OBJC_ROOT_CLASS = YES_ERROR;
				CLANG_WARN_UNREACHABLE_CODE = YES;
				CLANG_WARN__DUPLICATE_METHOD_MATCH = YES;
				"CODE_SIGN_IDENTITY[sdk=iphoneos*]" = "iPhone Developer";
				COPY_PHASE_STRIP = NO;
				DEBUG_INFORMATION_FORMAT = "dwarf-with-dsym";
				ENABLE_NS_ASSERTIONS = NO;
				ENABLE_STRICT_OBJC_MSGSEND = YES;
				GCC_C_LANGUAGE_STANDARD = gnu99;
				GCC_NO_COMMON_BLOCKS = YES;
				GCC_WARN_64_TO_32_BIT_CONVERSION = YES;
				GCC_WARN_ABOUT_RETURN_TYPE = YES_ERROR;
				GCC_WARN_UNDECLARED_SELECTOR = YES;
				GCC_WARN_UNINITIALIZED_AUTOS = YES_AGGRESSIVE;
				GCC_WARN_UNUSED_FUNCTION = YES;
				GCC_WARN_UNUSED_VARIABLE = YES;
				IPHONEOS_DEPLOYMENT_TARGET = 9.3;
				MTL_ENABLE_DEBUG_INFO = NO;
				SDKROOT = iphoneos;
				VALIDATE_PRODUCT = YES;
			};
			name = Release;
		};
		40FB80D81D8CAA83003D2B01 /* Debug */ = {
			isa = XCBuildConfiguration;
			buildSettings = {
				ASSETCATALOG_COMPILER_APPICON_NAME = AppIcon;
				INFOPLIST_FILE = "Pokemon Quiz/Info.plist";
				LD_RUNPATH_SEARCH_PATHS = "$(inherited) @executable_path/Frameworks";
				PRODUCT_BUNDLE_IDENTIFIER = "co.superiortech.Pokemon-Quiz";
				PRODUCT_NAME = "$(TARGET_NAME)";
			};
			name = Debug;
		};
		40FB80D91D8CAA83003D2B01 /* Release */ = {
			isa = XCBuildConfiguration;
			buildSettings = {
				ASSETCATALOG_COMPILER_APPICON_NAME = AppIcon;
				INFOPLIST_FILE = "Pokemon Quiz/Info.plist";
				LD_RUNPATH_SEARCH_PATHS = "$(inherited) @executable_path/Frameworks";
				PRODUCT_BUNDLE_IDENTIFIER = "co.superiortech.Pokemon-Quiz";
				PRODUCT_NAME = "$(TARGET_NAME)";
			};
			name = Release;
		};
		40FB80DB1D8CAA83003D2B01 /* Debug */ = {
			isa = XCBuildConfiguration;
			buildSettings = {
				BUNDLE_LOADER = "$(TEST_HOST)";
				INFOPLIST_FILE = "Pokemon QuizTests/Info.plist";
				LD_RUNPATH_SEARCH_PATHS = "$(inherited) @executable_path/Frameworks @loader_path/Frameworks";
				PRODUCT_BUNDLE_IDENTIFIER = "co.superiortech.Pokemon-QuizTests";
				PRODUCT_NAME = "$(TARGET_NAME)";
				TEST_HOST = "$(BUILT_PRODUCTS_DIR)/Pokemon Quiz.app/Pokemon Quiz";
			};
			name = Debug;
		};
		40FB80DC1D8CAA83003D2B01 /* Release */ = {
			isa = XCBuildConfiguration;
			buildSettings = {
				BUNDLE_LOADER = "$(TEST_HOST)";
				INFOPLIST_FILE = "Pokemon QuizTests/Info.plist";
				LD_RUNPATH_SEARCH_PATHS = "$(inherited) @executable_path/Frameworks @loader_path/Frameworks";
				PRODUCT_BUNDLE_IDENTIFIER = "co.superiortech.Pokemon-QuizTests";
				PRODUCT_NAME = "$(TARGET_NAME)";
				TEST_HOST = "$(BUILT_PRODUCTS_DIR)/Pokemon Quiz.app/Pokemon Quiz";
			};
			name = Release;
		};
		40FB80DE1D8CAA83003D2B01 /* Debug */ = {
			isa = XCBuildConfiguration;
			buildSettings = {
				INFOPLIST_FILE = "Pokemon QuizUITests/Info.plist";
				LD_RUNPATH_SEARCH_PATHS = "$(inherited) @executable_path/Frameworks @loader_path/Frameworks";
				PRODUCT_BUNDLE_IDENTIFIER = "co.superiortech.Pokemon-QuizUITests";
				PRODUCT_NAME = "$(TARGET_NAME)";
				TEST_TARGET_NAME = "Pokemon Quiz";
			};
			name = Debug;
		};
		40FB80DF1D8CAA83003D2B01 /* Release */ = {
			isa = XCBuildConfiguration;
			buildSettings = {
				INFOPLIST_FILE = "Pokemon QuizUITests/Info.plist";
				LD_RUNPATH_SEARCH_PATHS = "$(inherited) @executable_path/Frameworks @loader_path/Frameworks";
				PRODUCT_BUNDLE_IDENTIFIER = "co.superiortech.Pokemon-QuizUITests";
				PRODUCT_NAME = "$(TARGET_NAME)";
				TEST_TARGET_NAME = "Pokemon Quiz";
			};
			name = Release;
		};
/* End XCBuildConfiguration section */

/* Begin XCConfigurationList section */
		40FB80A71D8CAA82003D2B01 /* Build configuration list for PBXProject "Pokemon Quiz" */ = {
			isa = XCConfigurationList;
			buildConfigurations = (
				40FB80D51D8CAA83003D2B01 /* Debug */,
				40FB80D61D8CAA83003D2B01 /* Release */,
			);
			defaultConfigurationIsVisible = 0;
			defaultConfigurationName = Release;
		};
		40FB80D71D8CAA83003D2B01 /* Build configuration list for PBXNativeTarget "Pokemon Quiz" */ = {
			isa = XCConfigurationList;
			buildConfigurations = (
				40FB80D81D8CAA83003D2B01 /* Debug */,
				40FB80D91D8CAA83003D2B01 /* Release */,
			);
			defaultConfigurationIsVisible = 0;
		};
		40FB80DA1D8CAA83003D2B01 /* Build configuration list for PBXNativeTarget "Pokemon QuizTests" */ = {
			isa = XCConfigurationList;
			buildConfigurations = (
				40FB80DB1D8CAA83003D2B01 /* Debug */,
				40FB80DC1D8CAA83003D2B01 /* Release */,
			);
			defaultConfigurationIsVisible = 0;
		};
		40FB80DD1D8CAA83003D2B01 /* Build configuration list for PBXNativeTarget "Pokemon QuizUITests" */ = {
			isa = XCConfigurationList;
			buildConfigurations = (
				40FB80DE1D8CAA83003D2B01 /* Debug */,
				40FB80DF1D8CAA83003D2B01 /* Release */,
			);
			defaultConfigurationIsVisible = 0;
		};
/* End XCConfigurationList section */

/* Begin XCVersionGroup section */
		40FB80B61D8CAA82003D2B01 /* Pokemon_Quiz.xcdatamodeld */ = {
			isa = XCVersionGroup;
			children = (
				40FB80B71D8CAA82003D2B01 /* Pokemon_Quiz.xcdatamodel */,
			);
			currentVersion = 40FB80B71D8CAA82003D2B01 /* Pokemon_Quiz.xcdatamodel */;
			path = Pokemon_Quiz.xcdatamodeld;
			sourceTree = "<group>";
			versionGroupType = wrapper.xcdatamodel;
		};
/* End XCVersionGroup section */
	};
	rootObject = 40FB80A41D8CAA82003D2B01 /* Project object */;
}
