// !$*UTF8*$!
{
	archiveVersion = 1;
	classes = {
	};
	objectVersion = 46;
	objects = {

/* Begin PBXBuildFile section */
		40FB80B01D8CAA82003D2B01 /* AppDelegate.swift in Sources */ = {isa = PBXBuildFile; fileRef = 40FB80AF1D8CAA82003D2B01 /* AppDelegate.swift */; };
		40FB80B21D8CAA82003D2B01 /* ViewController.swift in Sources */ = {isa = PBXBuildFile; fileRef = 40FB80B11D8CAA82003D2B01 /* ViewController.swift */; };
		40FB80B51D8CAA82003D2B01 /* Main.storyboard in Resources */ = {isa = PBXBuildFile; fileRef = 40FB80B31D8CAA82003D2B01 /* Main.storyboard */; };
		40FB80B81D8CAA82003D2B01 /* Pokemon_Quiz.xcdatamodeld in Sources */ = {isa = PBXBuildFile; fileRef = 40FB80B61D8CAA82003D2B01 /* Pokemon_Quiz.xcdatamodeld */; };
		40FB80BA1D8CAA82003D2B01 /* Assets.xcassets in Resources */ = {isa = PBXBuildFile; fileRef = 40FB80B91D8CAA82003D2B01 /* Assets.xcassets */; };
		40FB80BD1D8CAA82003D2B01 /* LaunchScreen.storyboard in Resources */ = {isa = PBXBuildFile; fileRef = 40FB80BB1D8CAA82003D2B01 /* LaunchScreen.storyboard */; };
		40FB80C81D8CAA83003D2B01 /* Pokemon_QuizTests.swift in Sources */ = {isa = PBXBuildFile; fileRef = 40FB80C71D8CAA83003D2B01 /* Pokemon_QuizTests.swift */; };
		40FB80D31D8CAA83003D2B01 /* Pokemon_QuizUITests.swift in Sources */ = {isa = PBXBuildFile; fileRef = 40FB80D21D8CAA83003D2B01 /* Pokemon_QuizUITests.swift */; };
/* End PBXBuildFile section */

/* Begin PBXContainerItemProxy section */
		40FB80C41D8CAA83003D2B01 /* PBXContainerItemProxy */ = {
			isa = PBXContainerItemProxy;
			containerPortal = 40FB80A41D8CAA82003D2B01 /* Project object */;
			proxyType = 1;
			remoteGlobalIDString = 40FB80AB1D8CAA82003D2B01;
			remoteInfo = "Pokemon Quiz";
		};
		40FB80CF1D8CAA83003D2B01 /* PBXContainerItemProxy */ = {
			isa = PBXContainerItemProxy;
			containerPortal = 40FB80A41D8CAA82003D2B01 /* Project object */;
			proxyType = 1;
			remoteGlobalIDString = 40FB80AB1D8CAA82003D2B01;
			remoteInfo = "Pokemon Quiz";
		};
/* End PBXContainerItemProxy section */

/* Begin PBXFileReference section */
		40FB80AC1D8CAA82003D2B01 /* Pokemon Quiz.app */ = {isa = PBXFileReference; explicitFileType = wrapper.application; includeInIndex = 0; path = "Pokemon Quiz.app"; sourceTree = BUILT_PRODUCTS_DIR; };
		40FB80AF1D8CAA82003D2B01 /* AppDelegate.swift */ = {isa = PBXFileReference; lastKnownFileType = sourcecode.swift; path = AppDelegate.swift; sourceTree = "<group>"; };
		40FB80B11D8CAA82003D2B01 /* ViewController.swift */ = {isa = PBXFileReference; lastKnownFileType = sourcecode.swift; path = ViewController.swift; sourceTree = "<group>"; };
		40FB80B41D8CAA82003D2B01 /* Base */ = {isa = PBXFileReference; lastKnownFileType = file.storyboard; name = Base; path = Base.lproj/Main.storyboard; sourceTree = "<group>"; };
		40FB80B71D8CAA82003D2B01 /* Pokemon_Quiz.xcdatamodel */ = {isa = PBXFileReference; lastKnownFileType = wrapper.xcdatamodel; path = Pokemon_Quiz.xcdatamodel; sourceTree = "<group>"; };
		40FB80B91D8CAA82003D2B01 /* Assets.xcassets */ = {isa = PBXFileReference; lastKnownFileType = folder.assetcatalog; path = Assets.xcassets; sourceTree = "<group>"; };
		40FB80BC1D8CAA82003D2B01 /* Base */ = {isa = PBXFileReference; lastKnownFileType = file.storyboard; name = Base; path = Base.lproj/LaunchScreen.storyboard; sourceTree = "<group>"; };
		40FB80BE1D8CAA82003D2B01 /* Info.plist */ = {isa = PBXFileReference; lastKnownFileType = text.plist.xml; path = Info.plist; sourceTree = "<group>"; };
		40FB80C31D8CAA83003D2B01 /* Pokemon QuizTests.xctest */ = {isa = PBXFileReference; explicitFileType = wrapper.cfbundle; includeInIndex = 0; path = "Pokemon QuizTests.xctest"; sourceTree = BUILT_PRODUCTS_DIR; };
		40FB80C71D8CAA83003D2B01 /* Pokemon_QuizTests.swift */ = {isa = PBXFileReference; lastKnownFileType = sourcecode.swift; path = Pokemon_QuizTests.swift; sourceTree = "<group>"; };
		40FB80C91D8CAA83003D2B01 /* Info.plist */ = {isa = PBXFileReference; lastKnownFileType = text.plist.xml; path = Info.plist; sourceTree = "<group>"; };
		40FB80CE1D8CAA83003D2B01 /* Pokemon QuizUITests.xctest */ = {isa = PBXFileReference; explicitFileType = wrapper.cfbundle; includeInIndex = 0; path = "Pokemon QuizUITests.xctest"; sourceTree = BUILT_PRODUCTS_DIR; };
		40FB80D21D8CAA83003D2B01 /* Pokemon_QuizUITests.swift */ = {isa = PBXFileReference; lastKnownFileType = sourcecode.swift; path = Pokemon_QuizUITests.swift; sourceTree = "<group>"; };
		40FB80D41D8CAA83003D2B01 /* Info.plist */ = {isa = PBXFileReference; lastKnownFileType = text.plist.xml; path = Info.plist; sourceTree = "<group>"; };
/* End PBXFileReference section */

/* Begin PBXFrameworksBuildPhase section */
		40FB80A91D8CAA82003D2B01 /* Frameworks */ = {
			isa = PBXFrameworksBuildPhase;
			buildActionMask = 2147483647;
			files = (
			);
			runOnlyForDeploymentPostprocessing = 0;
		};
		40FB80C01D8CAA83003D2B01 /* Frameworks */ = {
			isa = PBXFrameworksBuildPhase;
			buildActionMask = 2147483647;
			files = (
			);
			runOnlyForDeploymentPostprocessing = 0;
		};
		40FB80CB1D8CAA83003D2B01 /* Frameworks */ = {
			isa = PBXFrameworksBuildPhase;
			buildActionMask = 2147483647;
			files = (
			);
			runOnlyForDeploymentPostprocessing = 0;
		};
/* End PBXFrameworksBuildPhase section */

/* Begin PBXGroup section */
		40FB80A31D8CAA82003D2B01 = {
			isa = PBXGroup;
			children = (
				40FB80AE1D8CAA82003D2B01 /* Pokemon Quiz */,
				40FB80C61D8CAA83003D2B01 /* Pokemon QuizTests */,
				40FB80D11D8CAA83003D2B01 /* Pokemon QuizUITests */,
				40FB80AD1D8CAA82003D2B01 /* Products */,
			);
			sourceTree = "<group>";
		};
		40FB80AD1D8CAA82003D2B01 /* Products */ = {
			isa = PBXGroup;
			children = (
				40FB80AC1D8CAA82003D2B01 /* Pokemon Quiz.app */,
				40FB80C31D8CAA83003D2B01 /* Pokemon QuizTests.xctest */,
				40FB80CE1D8CAA83003D2B01 /* Pokemon QuizUITests.xctest */,
			);
			name = Products;
			sourceTree = "<group>";
		};
		40FB80AE1D8CAA82003D2B01 /* Pokemon Quiz */ = {
			isa = PBXGroup;
			children = (
				40FB80AF1D8CAA82003D2B01 /* AppDelegate.swift */,
				40FB80B11D8CAA82003D2B01 /* ViewController.swift */,
				40FB80B31D8CAA82003D2B01 /* Main.storyboard */,
				40FB80B91D8CAA82003D2B01 /* Assets.xcassets */,
				40FB80BB1D8CAA82003D2B01 /* LaunchScreen.storyboard */,
				40FB80BE1D8CAA82003D2B01 /* Info.plist */,
				40FB80B61D8CAA82003D2B01 /* Pokemon_Quiz.xcdatamodeld */,
			);
			path = "Pokemon Quiz";
			sourceTree = "<group>";
		};
		40FB80C61D8CAA83003D2B01 /* Pokemon QuizTests */ = {
			isa = PBXGroup;
			children = (
				40FB80C71D8CAA83003D2B01 /* Pokemon_QuizTests.swift */,
				40FB80C91D8CAA83003D2B01 /* Info.plist */,
			);
			path = "Pokemon QuizTests";
			sourceTree = "<group>";
		};
		40FB80D11D8CAA83003D2B01 /* Pokemon QuizUITests */ = {
			isa = PBXGroup;
			children = (
				40FB80D21D8CAA83003D2B01 /* Pokemon_QuizUITests.swift */,
				40FB80D41D8CAA83003D2B01 /* Info.plist */,
			);
			path = "Pokemon QuizUITests";
			sourceTree = "<group>";
		};
/* End PBXGroup section */

/* Begin PBXNativeTarget section */
		40FB80AB1D8CAA82003D2B01 /* Pokemon Quiz */ = {
			isa = PBXNativeTarget;
			buildConfigurationList = 40FB80D71D8CAA83003D2B01 /* Build configuration list for PBXNativeTarget "Pokemon Quiz" */;
			buildPhases = (
				40FB80A81D8CAA82003D2B01 /* Sources */,
				40FB80A91D8CAA82003D2B01 /* Frameworks */,
				40FB80AA1D8CAA82003D2B01 /* Resources */,
			);
			buildRules = (
			);
			dependencies = (
			);
			name = "Pokemon Quiz";
			productName = "Pokemon Quiz";
			productReference = 40FB80AC1D8CAA82003D2B01 /* Pokemon Quiz.app */;
			productType = "com.apple.product-type.application";
		};
		40FB80C21D8CAA83003D2B01 /* Pokemon QuizTests */ = {
			isa = PBXNativeTarget;
			buildConfigurationList = 40FB80DA1D8CAA83003D2B01 /* Build configuration list for PBXNativeTarget "Pokemon QuizTests" */;
			buildPhases = (
				40FB80BF1D8CAA83003D2B01 /* Sources */,
				40FB80C01D8CAA83003D2B01 /* Frameworks */,
				40FB80C11D8CAA83003D2B01 /* Resources */,
			);
			buildRules = (
			);
			dependencies = (
				40FB80C51D8CAA83003D2B01 /* PBXTargetDependency */,
			);
			name = "Pokemon QuizTests";
			productName = "Pokemon QuizTests";
			productReference = 40FB80C31D8CAA83003D2B01 /* Pokemon QuizTests.xctest */;
			productType = "com.apple.product-type.bundle.unit-test";
		};
		40FB80CD1D8CAA83003D2B01 /* Pokemon QuizUITests */ = {
			isa = PBXNativeTarget;
			buildConfigurationList = 40FB80DD1D8CAA83003D2B01 /* Build configuration list for PBXNativeTarget "Pokemon QuizUITests" */;
			buildPhases = (
				40FB80CA1D8CAA83003D2B01 /* Sources */,
				40FB80CB1D8CAA83003D2B01 /* Frameworks */,
				40FB80CC1D8CAA83003D2B01 /* Resources */,
			);
			buildRules = (
			);
			dependencies = (
				40FB80D01D8CAA83003D2B01 /* PBXTargetDependency */,
			);
			name = "Pokemon QuizUITests";
			productName = "Pokemon QuizUITests";
			productReference = 40FB80CE1D8CAA83003D2B01 /* Pokemon QuizUITests.xctest */;
			productType = "com.apple.product-type.bundle.ui-testing";
		};
/* End PBXNativeTarget section */

/* Begin PBXProject section */
		40FB80A41D8CAA82003D2B01 /* Project object */ = {
			isa = PBXProject;
			attributes = {
				LastSwiftUpdateCheck = 0730;
				LastUpgradeCheck = 0730;
				ORGANIZATIONNAME = "Superior Tech";
				TargetAttributes = {
					40FB80AB1D8CAA82003D2B01 = {
						CreatedOnToolsVersion = 7.3;
					};
					40FB80C21D8CAA83003D2B01 = {
						CreatedOnToolsVersion = 7.3;
						TestTargetID = 40FB80AB1D8CAA82003D2B01;
					};
					40FB80CD1D8CAA83003D2B01 = {
						CreatedOnToolsVersion = 7.3;
						TestTargetID = 40FB80AB1D8CAA82003D2B01;
					};
				};
			};
			buildConfigurationList = 40FB80A71D8CAA82003D2B01 /* Build configuration list for PBXProject "Pokemon Quiz" */;
			compatibilityVersion = "Xcode 3.2";
			developmentRegion = English;
			hasScannedForEncodings = 0;
			knownRegions = (
				en,
				Base,
			);
			mainGroup = 40FB80A31D8CAA82003D2B01;
			productRefGroup = 40FB80AD1D8CAA82003D2B01 /* Products */;
			projectDirPath = "";
			projectRoot = "";
			targets = (
				40FB80AB1D8CAA82003D2B01 /* Pokemon Quiz */,
				40FB80C21D8CAA83003D2B01 /* Pokemon QuizTests */,
				40FB80CD1D8CAA83003D2B01 /* Pokemon QuizUITests */,
			);
		};
/* End PBXProject section */

/* Begin PBXResourcesBuildPhase section */
		40FB80AA1D8CAA82003D2B01 /* Resources */ = {
			isa = PBXResourcesBuildPhase;
			buildActionMask = 2147483647;
			files = (
				40FB80BD1D8CAA82003D2B01 /* LaunchScreen.storyboard in Resources */,
				40FB80BA1D8CAA82003D2B01 /* Assets.xcassets in Resources */,
				40FB80B51D8CAA82003D2B01 /* Main.storyboard in Resources */,
			);
			runOnlyForDeploymentPostprocessing = 0;
		};
		40FB80C11D8CAA83003D2B01 /* Resources */ = {
			isa = PBXResourcesBuildPhase;
			buildActionMask = 2147483647;
			files = (
			);
			runOnlyForDeploymentPostprocessing = 0;
		};
		40FB80CC1D8CAA83003D2B01 /* Resources */ = {
			isa = PBXResourcesBuildPhase;
			buildActionMask = 2147483647;
			files = (
			);
			runOnlyForDeploymentPostprocessing = 0;
		};
/* End PBXResourcesBuildPhase section */

/* Begin PBXSourcesBuildPhase section */
		40FB80A81D8CAA82003D2B01 /* Sources */ = {
			isa = PBXSourcesBuildPhase;
			buildActionMask = 2147483647;
			files = (
				40FB80B81D8CAA82003D2B01 /* Pokemon_Quiz.xcdatamodeld in Sources */,
				40FB80B21D8CAA82003D2B01 /* ViewController.swift in Sources */,
				40FB80B01D8CAA82003D2B01 /* AppDelegate.swift in Sources */,
			);
			runOnlyForDeploymentPostprocessing = 0;
		};
		40FB80BF1D8CAA83003D2B01 /* Sources */ = {
			isa = PBXSourcesBuildPhase;
			buildActionMask = 2147483647;
			files = (
				40FB80C81D8CAA83003D2B01 /* Pokemon_QuizTests.swift in Sources */,
			);
			runOnlyForDeploymentPostprocessing = 0;
		};
		40FB80CA1D8CAA83003D2B01 /* Sources */ = {
			isa = PBXSourcesBuildPhase;
			buildActionMask = 2147483647;
			files = (
				40FB80D31D8CAA83003D2B01 /* Pokemon_QuizUITests.swift in Sources */,
			);
			runOnlyForDeploymentPostprocessing = 0;
		};
/* End PBXSourcesBuildPhase section */

/* Begin PBXTargetDependency section */
		40FB80C51D8CAA83003D2B01 /* PBXTargetDependency */ = {
			isa = PBXTargetDependency;
			target = 40FB80AB1D8CAA82003D2B01 /* Pokemon Quiz */;
			targetProxy = 40FB80C41D8CAA83003D2B01 /* PBXContainerItemProxy */;
		};
		40FB80D01D8CAA83003D2B01 /* PBXTargetDependency */ = {
			isa = PBXTargetDependency;
			target = 40FB80AB1D8CAA82003D2B01 /* Pokemon Quiz */;
			targetProxy = 40FB80CF1D8CAA83003D2B01 /* PBXContainerItemProxy */;
		};
/* End PBXTargetDependency section */

/* Begin PBXVariantGroup section */
		40FB80B31D8CAA82003D2B01 /* Main.storyboard */ = {
			isa = PBXVariantGroup;
			children = (
				40FB80B41D8CAA82003D2B01 /* Base */,
			);
			name = Main.storyboard;
			sourceTree = "<group>";
		};
		40FB80BB1D8CAA82003D2B01 /* LaunchScreen.storyboard */ = {
			isa = PBXVariantGroup;
			children = (
				40FB80BC1D8CAA82003D2B01 /* Base */,
			);
			name = LaunchScreen.storyboard;
			sourceTree = "<group>";
		};
/* End PBXVariantGroup section */

/* Begin XCBuildConfiguration section */
		40FB80D51D8CAA83003D2B01 /* Debug */ = {
			isa = XCBuildConfiguration;
			buildSettings = {
				ALWAYS_SEARCH_USER_PATHS = NO;
				CLANG_ANALYZER_NONNULL = YES;
				CLANG_CXX_LANGUAGE_STANDARD = "gnu++0x";
				CLANG_CXX_LIBRARY = "libc++";
				CLANG_ENABLE_MODULES = YES;
				CLANG_ENABLE_OBJC_ARC = YES;
				CLANG_WARN_BOOL_CONVERSION = YES;
				CLANG_WARN_CONSTANT_CONVERSION = YES;
				CLANG_WARN_DIRECT_OBJC_ISA_USAGE = YES_ERROR;
				CLANG_WARN_EMPTY_BODY = YES;
				CLANG_WARN_ENUM_CONVERSION = YES;
				CLANG_WARN_INT_CONVERSION = YES;
				CLANG_WARN_OBJC_ROOT_CLASS = YES_ERROR;
				CLANG_WARN_UNREACHABLE_CODE = YES;
				CLANG_WARN__DUPLICATE_METHOD_MATCH = YES;
				"CODE_SIGN_IDENTITY[sdk=iphoneos*]" = "iPhone Developer";
				COPY_PHASE_STRIP = NO;
				DEBUG_INFORMATION_FORMAT = dwarf;
				ENABLE_STRICT_OBJC_MSGSEND = YES;
				ENABLE_TESTABILITY = YES;
				GCC_C_LANGUAGE_STANDARD = gnu99;
				GCC_DYNAMIC_NO_PIC = NO;
				GCC_NO_COMMON_BLOCKS = YES;
				GCC_OPTIMIZATION_LEVEL = 0;
				GCC_PREPROCESSOR_DEFINITIONS = (
					"DEBUG=1",
					"$(inherited)",
				);
				GCC_WARN_64_TO_32_BIT_CONVERSION = YES;
				GCC_WARN_ABOUT_RETURN_TYPE = YES_ERROR;
				GCC_WARN_UNDECLARED_SELECTOR = YES;
				GCC_WARN_UNINITIALIZED_AUTOS = YES_AGGRESSIVE;
				GCC_WARN_UNUSED_FUNCTION = YES;
				GCC_WARN_UNUSED_VARIABLE = YES;
				IPHONEOS_DEPLOYMENT_TARGET = 9.3;
				MTL_ENABLE_DEBUG_INFO = YES;
				ONLY_ACTIVE_ARCH = YES;
				SDKROOT = iphoneos;
				SWIFT_OPTIMIZATION_LEVEL = "-Onone";
			};
			name = Debug;
		};
		40FB80D61D8CAA83003D2B01 /* Release */ = {
			isa = XCBuildConfiguration;
			buildSettings = {
				ALWAYS_SEARCH_USER_PATHS = NO;
				CLANG_ANALYZER_NONNULL = YES;
				CLANG_CXX_LANGUAGE_STANDARD = "gnu++0x";
				CLANG_CXX_LIBRARY = "libc++";
				CLANG_ENABLE_MODULES = YES;
				CLANG_ENABLE_OBJC_ARC = YES;
				CLANG_WARN_BOOL_CONVERSION = YES;
				CLANG_WARN_CONSTANT_CONVERSION = YES;
				CLANG_WARN_DIRECT_OBJC_ISA_USAGE = YES_ERROR;
				CLANG_WARN_EMPTY_BODY = YES;
				CLANG_WARN_ENUM_CONVERSION = YES;
				CLANG_WARN_INT_CONVERSION = YES;
				CLANG_WARN_OBJC_ROOT_CLASS = YES_ERROR;
				CLANG_WARN_UNREACHABLE_CODE = YES;
				CLANG_WARN__DUPLICATE_METHOD_MATCH = YES;
				"CODE_SIGN_IDENTITY[sdk=iphoneos*]" = "iPhone Developer";
				COPY_PHASE_STRIP = NO;
				DEBUG_INFORMATION_FORMAT = "dwarf-with-dsym";
				ENABLE_NS_ASSERTIONS = NO;
				ENABLE_STRICT_OBJC_MSGSEND = YES;
				GCC_C_LANGUAGE_STANDARD = gnu99;
				GCC_NO_COMMON_BLOCKS = YES;
				GCC_WARN_64_TO_32_BIT_CONVERSION = YES;
				GCC_WARN_ABOUT_RETURN_TYPE = YES_ERROR;
				GCC_WARN_UNDECLARED_SELECTOR = YES;
				GCC_WARN_UNINITIALIZED_AUTOS = YES_AGGRESSIVE;
				GCC_WARN_UNUSED_FUNCTION = YES;
				GCC_WARN_UNUSED_VARIABLE = YES;
				IPHONEOS_DEPLOYMENT_TARGET = 9.3;
				MTL_ENABLE_DEBUG_INFO = NO;
				SDKROOT = iphoneos;
				VALIDATE_PRODUCT = YES;
			};
			name = Release;
		};
		40FB80D81D8CAA83003D2B01 /* Debug */ = {
			isa = XCBuildConfiguration;
			buildSettings = {
				ASSETCATALOG_COMPILER_APPICON_NAME = AppIcon;
				INFOPLIST_FILE = "Pokemon Quiz/Info.plist";
				LD_RUNPATH_SEARCH_PATHS = "$(inherited) @executable_path/Frameworks";
				PRODUCT_BUNDLE_IDENTIFIER = "co.superiortech.Pokemon-Quiz";
				PRODUCT_NAME = "$(TARGET_NAME)";
			};
			name = Debug;
		};
		40FB80D91D8CAA83003D2B01 /* Release */ = {
			isa = XCBuildConfiguration;
			buildSettings = {
				ASSETCATALOG_COMPILER_APPICON_NAME = AppIcon;
				INFOPLIST_FILE = "Pokemon Quiz/Info.plist";
				LD_RUNPATH_SEARCH_PATHS = "$(inherited) @executable_path/Frameworks";
				PRODUCT_BUNDLE_IDENTIFIER = "co.superiortech.Pokemon-Quiz";
				PRODUCT_NAME = "$(TARGET_NAME)";
			};
			name = Release;
		};
		40FB80DB1D8CAA83003D2B01 /* Debug */ = {
			isa = XCBuildConfiguration;
			buildSettings = {
				BUNDLE_LOADER = "$(TEST_HOST)";
				INFOPLIST_FILE = "Pokemon QuizTests/Info.plist";
				LD_RUNPATH_SEARCH_PATHS = "$(inherited) @executable_path/Frameworks @loader_path/Frameworks";
				PRODUCT_BUNDLE_IDENTIFIER = "co.superiortech.Pokemon-QuizTests";
				PRODUCT_NAME = "$(TARGET_NAME)";
				TEST_HOST = "$(BUILT_PRODUCTS_DIR)/Pokemon Quiz.app/Pokemon Quiz";
			};
			name = Debug;
		};
		40FB80DC1D8CAA83003D2B01 /* Release */ = {
			isa = XCBuildConfiguration;
			buildSettings = {
				BUNDLE_LOADER = "$(TEST_HOST)";
				INFOPLIST_FILE = "Pokemon QuizTests/Info.plist";
				LD_RUNPATH_SEARCH_PATHS = "$(inherited) @executable_path/Frameworks @loader_path/Frameworks";
				PRODUCT_BUNDLE_IDENTIFIER = "co.superiortech.Pokemon-QuizTests";
				PRODUCT_NAME = "$(TARGET_NAME)";
				TEST_HOST = "$(BUILT_PRODUCTS_DIR)/Pokemon Quiz.app/Pokemon Quiz";
			};
			name = Release;
		};
		40FB80DE1D8CAA83003D2B01 /* Debug */ = {
			isa = XCBuildConfiguration;
			buildSettings = {
				INFOPLIST_FILE = "Pokemon QuizUITests/Info.plist";
				LD_RUNPATH_SEARCH_PATHS = "$(inherited) @executable_path/Frameworks @loader_path/Frameworks";
				PRODUCT_BUNDLE_IDENTIFIER = "co.superiortech.Pokemon-QuizUITests";
				PRODUCT_NAME = "$(TARGET_NAME)";
				TEST_TARGET_NAME = "Pokemon Quiz";
			};
			name = Debug;
		};
		40FB80DF1D8CAA83003D2B01 /* Release */ = {
			isa = XCBuildConfiguration;
			buildSettings = {
				INFOPLIST_FILE = "Pokemon QuizUITests/Info.plist";
				LD_RUNPATH_SEARCH_PATHS = "$(inherited) @executable_path/Frameworks @loader_path/Frameworks";
				PRODUCT_BUNDLE_IDENTIFIER = "co.superiortech.Pokemon-QuizUITests";
				PRODUCT_NAME = "$(TARGET_NAME)";
				TEST_TARGET_NAME = "Pokemon Quiz";
			};
			name = Release;
		};
/* End XCBuildConfiguration section */

/* Begin XCConfigurationList section */
		40FB80A71D8CAA82003D2B01 /* Build configuration list for PBXProject "Pokemon Quiz" */ = {
			isa = XCConfigurationList;
			buildConfigurations = (
				40FB80D51D8CAA83003D2B01 /* Debug */,
				40FB80D61D8CAA83003D2B01 /* Release */,
			);
			defaultConfigurationIsVisible = 0;
			defaultConfigurationName = Release;
		};
		40FB80D71D8CAA83003D2B01 /* Build configuration list for PBXNativeTarget "Pokemon Quiz" */ = {
			isa = XCConfigurationList;
			buildConfigurations = (
				40FB80D81D8CAA83003D2B01 /* Debug */,
				40FB80D91D8CAA83003D2B01 /* Release */,
			);
			defaultConfigurationIsVisible = 0;
		};
		40FB80DA1D8CAA83003D2B01 /* Build configuration list for PBXNativeTarget "Pokemon QuizTests" */ = {
			isa = XCConfigurationList;
			buildConfigurations = (
				40FB80DB1D8CAA83003D2B01 /* Debug */,
				40FB80DC1D8CAA83003D2B01 /* Release */,
			);
			defaultConfigurationIsVisible = 0;
		};
		40FB80DD1D8CAA83003D2B01 /* Build configuration list for PBXNativeTarget "Pokemon QuizUITests" */ = {
			isa = XCConfigurationList;
			buildConfigurations = (
				40FB80DE1D8CAA83003D2B01 /* Debug */,
				40FB80DF1D8CAA83003D2B01 /* Release */,
			);
			defaultConfigurationIsVisible = 0;
		};
/* End XCConfigurationList section */

/* Begin XCVersionGroup section */
		40FB80B61D8CAA82003D2B01 /* Pokemon_Quiz.xcdatamodeld */ = {
			isa = XCVersionGroup;
			children = (
				40FB80B71D8CAA82003D2B01 /* Pokemon_Quiz.xcdatamodel */,
			);
			currentVersion = 40FB80B71D8CAA82003D2B01 /* Pokemon_Quiz.xcdatamodel */;
			path = Pokemon_Quiz.xcdatamodeld;
			sourceTree = "<group>";
			versionGroupType = wrapper.xcdatamodel;
		};
/* End XCVersionGroup section */
	};
	rootObject = 40FB80A41D8CAA82003D2B01 /* Project object */;
}
